// !$*UTF8*$!
{
	archiveVersion = 1;
	classes = {
	};
	objectVersion = 46;
	objects = {

/* Begin PBXBuildFile section */
		011AF3B91A880C5300E298DD /* NowPlayingTableViewCell.swift in Sources */ = {isa = PBXBuildFile; fileRef = 011AF3B81A880C5300E298DD /* NowPlayingTableViewCell.swift */; };
		011AF3BB1A880C5C00E298DD /* NowPlayingTableViewCell.xib in Resources */ = {isa = PBXBuildFile; fileRef = 011AF3BA1A880C5C00E298DD /* NowPlayingTableViewCell.xib */; };
		017497E41AB5FA11003EFF28 /* RecommendedSearchCell.swift in Sources */ = {isa = PBXBuildFile; fileRef = 017497E31AB5FA11003EFF28 /* RecommendedSearchCell.swift */; };
		017497E61AB5FA18003EFF28 /* RecommendedSearchCell.xib in Resources */ = {isa = PBXBuildFile; fileRef = 017497E51AB5FA18003EFF28 /* RecommendedSearchCell.xib */; };
		01F9B1531AB5EB9C00D0513B /* Muz+ItunesSearch.swift in Sources */ = {isa = PBXBuildFile; fileRef = 01F9B1521AB5EB9C00D0513B /* Muz+ItunesSearch.swift */; };
		01F9B1551AB5F62800D0513B /* SearchOverlayController.swift in Sources */ = {isa = PBXBuildFile; fileRef = 01F9B1541AB5F62800D0513B /* SearchOverlayController.swift */; };
		01F9B1571AB5F72C00D0513B /* SearchOverlayController.xib in Resources */ = {isa = PBXBuildFile; fileRef = 01F9B1561AB5F72C00D0513B /* SearchOverlayController.xib */; };
		18FE78E2938CE235720BDF0D /* libPods.a in Frameworks */ = {isa = PBXBuildFile; fileRef = CC5E238686D44A286C24637D /* libPods.a */; };
		CE167DA01A855A7700A9EC1A /* Artist.swift in Sources */ = {isa = PBXBuildFile; fileRef = CE167D9F1A855A7700A9EC1A /* Artist.swift */; };
		CE167DA31A855E6800A9EC1A /* Album.swift in Sources */ = {isa = PBXBuildFile; fileRef = CE167DA21A855E6800A9EC1A /* Album.swift */; };
		CE167DA51A855E6900A9EC1A /* Song.swift in Sources */ = {isa = PBXBuildFile; fileRef = CE167DA41A855E6900A9EC1A /* Song.swift */; };
		CE2BD11F1A59F2670077D3FD /* MoreLastFmSettingCell.swift in Sources */ = {isa = PBXBuildFile; fileRef = CE2BD11E1A59F2670077D3FD /* MoreLastFmSettingCell.swift */; };
		CE2BD1211A59F2710077D3FD /* MoreLastFmSettingCell.xib in Resources */ = {isa = PBXBuildFile; fileRef = CE2BD1201A59F2710077D3FD /* MoreLastFmSettingCell.xib */; };
		CE3038D81A3E033100DCC5EB /* SimiliarArtistCollectionViewCell.xib in Resources */ = {isa = PBXBuildFile; fileRef = CE3038D71A3E033100DCC5EB /* SimiliarArtistCollectionViewCell.xib */; };
		CE3038DA1A3E037700DCC5EB /* SimiliarArtistCollectionViewCell.swift in Sources */ = {isa = PBXBuildFile; fileRef = CE3038D91A3E037700DCC5EB /* SimiliarArtistCollectionViewCell.swift */; };
		CE3038DC1A3E067500DCC5EB /* LastFmArtistInfoRequest.swift in Sources */ = {isa = PBXBuildFile; fileRef = CE3038DB1A3E067500DCC5EB /* LastFmArtistInfoRequest.swift */; };
		CE3038EE1A3E0C4F00DCC5EB /* LastFmArtist.m in Sources */ = {isa = PBXBuildFile; fileRef = CE3038ED1A3E0C4F00DCC5EB /* LastFmArtist.m */; };
		CE3038F11A3E0DEF00DCC5EB /* LastFmSimiliarArtist.m in Sources */ = {isa = PBXBuildFile; fileRef = CE3038F01A3E0DEF00DCC5EB /* LastFmSimiliarArtist.m */; };
		CE3126171A50DA480071AD27 /* NoMusicOverlayController.swift in Sources */ = {isa = PBXBuildFile; fileRef = CE3126161A50DA480071AD27 /* NoMusicOverlayController.swift */; };
		CE3126191A50DA500071AD27 /* NoMusicOverlayController.xib in Resources */ = {isa = PBXBuildFile; fileRef = CE3126181A50DA500071AD27 /* NoMusicOverlayController.xib */; };
		CE31261D1A50E77A0071AD27 /* TutorialController.xib in Resources */ = {isa = PBXBuildFile; fileRef = CE31261C1A50E77A0071AD27 /* TutorialController.xib */; };
		CE31261F1A50E7870071AD27 /* TutorialController.swift in Sources */ = {isa = PBXBuildFile; fileRef = CE31261E1A50E7870071AD27 /* TutorialController.swift */; };
		CE3126271A50E9280071AD27 /* ShadowsIntoLight.ttf in Resources */ = {isa = PBXBuildFile; fileRef = CE3126261A50E9280071AD27 /* ShadowsIntoLight.ttf */; };
		CE3338211A393B6C00281146 /* ArtistAlbumHeader.swift in Sources */ = {isa = PBXBuildFile; fileRef = CE3338201A393B6C00281146 /* ArtistAlbumHeader.swift */; };
		CE3338231A393BA900281146 /* ArtistAlbumHeader.xib in Resources */ = {isa = PBXBuildFile; fileRef = CE3338221A393BA900281146 /* ArtistAlbumHeader.xib */; };
		CE3338271A39D7E400281146 /* ArtistAlbumsSongCell.xib in Resources */ = {isa = PBXBuildFile; fileRef = CE3338261A39D7E400281146 /* ArtistAlbumsSongCell.xib */; };
		CE3338291A39D7EB00281146 /* ArtistAlbumsSongCell.swift in Sources */ = {isa = PBXBuildFile; fileRef = CE3338281A39D7EB00281146 /* ArtistAlbumsSongCell.swift */; };
		CE33385B1A3A0A7300281146 /* ArtistsHeader.swift in Sources */ = {isa = PBXBuildFile; fileRef = CE33385A1A3A0A7300281146 /* ArtistsHeader.swift */; };
		CE33385D1A3A0A7D00281146 /* SongsHeader.swift in Sources */ = {isa = PBXBuildFile; fileRef = CE33385C1A3A0A7D00281146 /* SongsHeader.swift */; };
		CE33385F1A3A0AD100281146 /* SongsHeader.xib in Resources */ = {isa = PBXBuildFile; fileRef = CE33385E1A3A0AD100281146 /* SongsHeader.xib */; };
		CE3338611A3A0ADB00281146 /* ArtistsHeader.xib in Resources */ = {isa = PBXBuildFile; fileRef = CE3338601A3A0ADB00281146 /* ArtistsHeader.xib */; };
		CE3D298E1A4F88EA000CCC90 /* Images.xcassets in Resources */ = {isa = PBXBuildFile; fileRef = CE3D298D1A4F88EA000CCC90 /* Images.xcassets */; };
		CE4184CE1A4922900011C0DA /* LaunchScreen.xib in Resources */ = {isa = PBXBuildFile; fileRef = CE4184C41A4922900011C0DA /* LaunchScreen.xib */; };
		CE4184CF1A4922900011C0DA /* Main.storyboard in Resources */ = {isa = PBXBuildFile; fileRef = CE4184C61A4922900011C0DA /* Main.storyboard */; };
		CE4184D41A4922900011C0DA /* Muz.xcdatamodeld in Sources */ = {isa = PBXBuildFile; fileRef = CE4184CC1A4922900011C0DA /* Muz.xcdatamodeld */; };
		CE4184D81A49E8330011C0DA /* SettingsManager.swift in Sources */ = {isa = PBXBuildFile; fileRef = CE4184D71A49E8330011C0DA /* SettingsManager.swift */; };
		CE4184DA1A4A3CC30011C0DA /* LastFmEventMapController.swift in Sources */ = {isa = PBXBuildFile; fileRef = CE4184D91A4A3CC30011C0DA /* LastFmEventMapController.swift */; };
		CE4184DC1A4A3CCB0011C0DA /* LastFmEventMapController.xib in Resources */ = {isa = PBXBuildFile; fileRef = CE4184DB1A4A3CCB0011C0DA /* LastFmEventMapController.xib */; };
		CE4184DE1A4A49630011C0DA /* WebRequest.swift in Sources */ = {isa = PBXBuildFile; fileRef = CE4184DD1A4A49630011C0DA /* WebRequest.swift */; };
		CE444BB61A36A25500153F77 /* AppDelegate.swift in Sources */ = {isa = PBXBuildFile; fileRef = CE444BB51A36A25500153F77 /* AppDelegate.swift */; };
		CE444BBB1A36A25500153F77 /* Main.storyboard in Resources */ = {isa = PBXBuildFile; fileRef = CE444BB91A36A25500153F77 /* Main.storyboard */; };
		CE444BC01A36A25500153F77 /* LaunchScreen.xib in Resources */ = {isa = PBXBuildFile; fileRef = CE444BBE1A36A25500153F77 /* LaunchScreen.xib */; };
		CE444BCC1A36A25500153F77 /* MuzTests.swift in Sources */ = {isa = PBXBuildFile; fileRef = CE444BCB1A36A25500153F77 /* MuzTests.swift */; };
		CE444BDB1A36A27200153F77 /* ArtistsViewController.swift in Sources */ = {isa = PBXBuildFile; fileRef = CE444BD71A36A27200153F77 /* ArtistsViewController.swift */; };
		CE444BDE1A36A27200153F77 /* ArtistCell.xib in Resources */ = {isa = PBXBuildFile; fileRef = CE444BDA1A36A27200153F77 /* ArtistCell.xib */; };
		CE444BE51A36A28700153F77 /* Song+Helpers.swift in Sources */ = {isa = PBXBuildFile; fileRef = CE444BE01A36A28700153F77 /* Song+Helpers.swift */; };
		CE444BE61A36A28700153F77 /* DataManager.swift in Sources */ = {isa = PBXBuildFile; fileRef = CE444BE11A36A28700153F77 /* DataManager.swift */; };
		CE444BE71A36A28700153F77 /* Datastore.swift in Sources */ = {isa = PBXBuildFile; fileRef = CE444BE21A36A28700153F77 /* Datastore.swift */; };
		CE444BE81A36A28700153F77 /* MediaSession.swift in Sources */ = {isa = PBXBuildFile; fileRef = CE444BE31A36A28700153F77 /* MediaSession.swift */; };
		CE49F3601A3A83C8008DE25E /* NowPlayingPageController.swift in Sources */ = {isa = PBXBuildFile; fileRef = CE49F35F1A3A83C8008DE25E /* NowPlayingPageController.swift */; };
		CE5E31A81A86A3CC00969647 /* LastFmSimilarArtistTableCell.swift in Sources */ = {isa = PBXBuildFile; fileRef = CE5E31A71A86A3CC00969647 /* LastFmSimilarArtistTableCell.swift */; };
		CE5E31AA1A86A40100969647 /* LastFmSimilarArtistTableCell.xib in Resources */ = {isa = PBXBuildFile; fileRef = CE5E31A91A86A40100969647 /* LastFmSimilarArtistTableCell.xib */; };
		CE6EF5001A38F07D001FE858 /* ArtistAlbumsViewController.swift in Sources */ = {isa = PBXBuildFile; fileRef = CE6EF4FF1A38F07D001FE858 /* ArtistAlbumsViewController.swift */; };
		CE6EF5021A38F08C001FE858 /* ArtistAlbumsViewController.xib in Resources */ = {isa = PBXBuildFile; fileRef = CE6EF5011A38F08C001FE858 /* ArtistAlbumsViewController.xib */; };
		CE9211291A8926DF00758227 /* TopTracksViewController.swift in Sources */ = {isa = PBXBuildFile; fileRef = CE9211281A8926DF00758227 /* TopTracksViewController.swift */; };
		CE92112B1A8926E900758227 /* TopAlbumsViewController.swift in Sources */ = {isa = PBXBuildFile; fileRef = CE92112A1A8926E900758227 /* TopAlbumsViewController.swift */; };
		CE92112D1A89270800758227 /* TopTracksViewController.xib in Resources */ = {isa = PBXBuildFile; fileRef = CE92112C1A89270800758227 /* TopTracksViewController.xib */; };
		CE92112F1A89271000758227 /* TopAlbumsViewController.xib in Resources */ = {isa = PBXBuildFile; fileRef = CE92112E1A89271000758227 /* TopAlbumsViewController.xib */; };
		CE9211311A8927FC00758227 /* LastFmTopTracksRequest.swift in Sources */ = {isa = PBXBuildFile; fileRef = CE9211301A8927FC00758227 /* LastFmTopTracksRequest.swift */; };
		CE9211331A89280700758227 /* LastFmTopAlbumsRequest.swift in Sources */ = {isa = PBXBuildFile; fileRef = CE9211321A89280700758227 /* LastFmTopAlbumsRequest.swift */; };
		CE9211361A8929CC00758227 /* LastFmAlbum.m in Sources */ = {isa = PBXBuildFile; fileRef = CE9211351A8929CC00758227 /* LastFmAlbum.m */; };
		CE9211391A892FBE00758227 /* LastFmTrack.m in Sources */ = {isa = PBXBuildFile; fileRef = CE9211381A892FBE00758227 /* LastFmTrack.m */; };
		CE9575881AA8B642002B444C /* FacebookSDK.framework in Frameworks */ = {isa = PBXBuildFile; fileRef = CE9575871AA8B642002B444C /* FacebookSDK.framework */; };
		CE95758C1AA8BF0B002B444C /* ItunesSearch.m in Sources */ = {isa = PBXBuildFile; fileRef = CE95758B1AA8BF0B002B444C /* ItunesSearch.m */; };
		CE95D9BD1A3DFB730060752A /* LastFmArtistInfoCell.swift in Sources */ = {isa = PBXBuildFile; fileRef = CE95D9BC1A3DFB730060752A /* LastFmArtistInfoCell.swift */; };
		CE95D9BF1A3DFB860060752A /* LastFmArtistInfoCell.xib in Resources */ = {isa = PBXBuildFile; fileRef = CE95D9BE1A3DFB860060752A /* LastFmArtistInfoCell.xib */; };
		CE9745411A3E548F00A65633 /* LastFmSimiliarArtistsRequest.swift in Sources */ = {isa = PBXBuildFile; fileRef = CE9745401A3E548F00A65633 /* LastFmSimiliarArtistsRequest.swift */; };
		CE9745431A3E556900A65633 /* LastFmRequest.swift in Sources */ = {isa = PBXBuildFile; fileRef = CE9745421A3E556900A65633 /* LastFmRequest.swift */; };
		CE9BBDBB1A36A87B00878C09 /* Muz.xcdatamodeld in Sources */ = {isa = PBXBuildFile; fileRef = CE9BBDB91A36A87B00878C09 /* Muz.xcdatamodeld */; };
		CE9BCFAE1A43C77300522F18 /* NowPlayingCollectionController.xib in Resources */ = {isa = PBXBuildFile; fileRef = CE9BCFAD1A43C77300522F18 /* NowPlayingCollectionController.xib */; };
		CE9BCFB01A43C77D00522F18 /* NowPlayingCollectionController.swift in Sources */ = {isa = PBXBuildFile; fileRef = CE9BCFAF1A43C77D00522F18 /* NowPlayingCollectionController.swift */; };
		CE9BCFCF1A44C39800522F18 /* CreatePlaylistOverlay.swift in Sources */ = {isa = PBXBuildFile; fileRef = CE9BCFCE1A44C39800522F18 /* CreatePlaylistOverlay.swift */; };
		CE9BCFD11A44C3BA00522F18 /* CreatePlaylistOverlay.xib in Resources */ = {isa = PBXBuildFile; fileRef = CE9BCFD01A44C3BA00522F18 /* CreatePlaylistOverlay.xib */; };
		CE9BCFD31A44E68300522F18 /* OverlayController.swift in Sources */ = {isa = PBXBuildFile; fileRef = CE9BCFD21A44E68300522F18 /* OverlayController.swift */; };
		CE9BCFD61A44EB4C00522F18 /* CreatePlaylistCell.swift in Sources */ = {isa = PBXBuildFile; fileRef = CE9BCFD51A44EB4C00522F18 /* CreatePlaylistCell.swift */; };
		CE9BCFD81A44EB5700522F18 /* CreatePlaylistCell.xib in Resources */ = {isa = PBXBuildFile; fileRef = CE9BCFD71A44EB5700522F18 /* CreatePlaylistCell.xib */; };
		CE9BCFDD1A45D18F00522F18 /* LastFmEventCell.swift in Sources */ = {isa = PBXBuildFile; fileRef = CE9BCFDB1A45D18F00522F18 /* LastFmEventCell.swift */; };
		CE9BCFDE1A45D18F00522F18 /* LastFmEventCell.xib in Resources */ = {isa = PBXBuildFile; fileRef = CE9BCFDC1A45D18F00522F18 /* LastFmEventCell.xib */; };
		CE9BCFE11A45D2CD00522F18 /* LastFmEventInfoCell.swift in Sources */ = {isa = PBXBuildFile; fileRef = CE9BCFDF1A45D2CD00522F18 /* LastFmEventInfoCell.swift */; };
		CE9BCFE21A45D2CD00522F18 /* LastFmEventInfoCell.xib in Resources */ = {isa = PBXBuildFile; fileRef = CE9BCFE01A45D2CD00522F18 /* LastFmEventInfoCell.xib */; };
		CE9BCFE41A45D56500522F18 /* LastFmCell.swift in Sources */ = {isa = PBXBuildFile; fileRef = CE9BCFE31A45D56500522F18 /* LastFmCell.swift */; };
		CE9BCFE71A45E21900522F18 /* LastFmEventInfoController.xib in Resources */ = {isa = PBXBuildFile; fileRef = CE9BCFE51A45E21900522F18 /* LastFmEventInfoController.xib */; };
		CE9BCFE81A45E21900522F18 /* LastFmEventInfoController.swift in Sources */ = {isa = PBXBuildFile; fileRef = CE9BCFE61A45E21900522F18 /* LastFmEventInfoController.swift */; };
		CE9BCFEB1A45E2CB00522F18 /* LastFmEventInfoDetailsCell.swift in Sources */ = {isa = PBXBuildFile; fileRef = CE9BCFEA1A45E2CB00522F18 /* LastFmEventInfoDetailsCell.swift */; };
		CE9BCFED1A45E2D700522F18 /* LastFmEventInfoDetailsCell.xib in Resources */ = {isa = PBXBuildFile; fileRef = CE9BCFEC1A45E2D700522F18 /* LastFmEventInfoDetailsCell.xib */; };
		CEA4A13D1A8665EA003FDF0D /* random.jpg in Resources */ = {isa = PBXBuildFile; fileRef = CEA4A13C1A8665EA003FDF0D /* random.jpg */; };
		CEA4A13F1A867678003FDF0D /* HomeViewController.swift in Sources */ = {isa = PBXBuildFile; fileRef = CEA4A13E1A867678003FDF0D /* HomeViewController.swift */; };
		CEA4A1411A8676B0003FDF0D /* HomeViewController.xib in Resources */ = {isa = PBXBuildFile; fileRef = CEA4A1401A8676B0003FDF0D /* HomeViewController.xib */; };
		CEAA2A971AA7CF2E00DDCD23 /* LastFmLoginOverlayController.swift in Sources */ = {isa = PBXBuildFile; fileRef = CEAA2A961AA7CF2E00DDCD23 /* LastFmLoginOverlayController.swift */; };
		CEAA2A991AA7CF5C00DDCD23 /* LastFmLoginOverlayController.xib in Resources */ = {isa = PBXBuildFile; fileRef = CEAA2A981AA7CF5C00DDCD23 /* LastFmLoginOverlayController.xib */; };
		CEAA2A9B1AA7D0DC00DDCD23 /* LastFmLoginCell.swift in Sources */ = {isa = PBXBuildFile; fileRef = CEAA2A9A1AA7D0DC00DDCD23 /* LastFmLoginCell.swift */; };
		CEAA2A9F1AA7D0FB00DDCD23 /* LastFmLoginCell.xib in Resources */ = {isa = PBXBuildFile; fileRef = CEAA2A9E1AA7D0FB00DDCD23 /* LastFmLoginCell.xib */; };
		CEB200D21A378B6400E857D8 /* UIImage+ImageEffects.m in Sources */ = {isa = PBXBuildFile; fileRef = CEB200D11A378B6400E857D8 /* UIImage+ImageEffects.m */; };
		CEB200D41A379C7000E857D8 /* ArtistsViewController.xib in Resources */ = {isa = PBXBuildFile; fileRef = CEB200D31A379C7000E857D8 /* ArtistsViewController.xib */; };
		CEB524E31A3B766000027C71 /* LyricsRequest.swift in Sources */ = {isa = PBXBuildFile; fileRef = CEB524E21A3B766000027C71 /* LyricsRequest.swift */; };
		CEBB56161A3B951D00AE8CAA /* NSString+Lyrics.m in Sources */ = {isa = PBXBuildFile; fileRef = CEBB56151A3B951C00AE8CAA /* NSString+Lyrics.m */; };
		CEBC1EF01A813BB4000AF2F1 /* Artist+Helpers.swift in Sources */ = {isa = PBXBuildFile; fileRef = CEBC1EEF1A813BB4000AF2F1 /* Artist+Helpers.swift */; };
		CEBC1EF21A813C19000AF2F1 /* Album+Helpers.swift in Sources */ = {isa = PBXBuildFile; fileRef = CEBC1EF11A813C19000AF2F1 /* Album+Helpers.swift */; };
		CEBC1EF61A816D7B000AF2F1 /* UIImageView+Helpers.swift in Sources */ = {isa = PBXBuildFile; fileRef = CEBC1EF51A816D7B000AF2F1 /* UIImageView+Helpers.swift */; };
		CEBC1EF81A81781E000AF2F1 /* NSString+Helpers.swift in Sources */ = {isa = PBXBuildFile; fileRef = CEBC1EF71A81781E000AF2F1 /* NSString+Helpers.swift */; };
		CEC66D8C1A37EFA700560754 /* ArtistCell.swift in Sources */ = {isa = PBXBuildFile; fileRef = CE444BD91A36A27200153F77 /* ArtistCell.swift */; };
		CEC66D9E1A38DA2400560754 /* SongCell.swift in Sources */ = {isa = PBXBuildFile; fileRef = CEC66D9C1A38DA2400560754 /* SongCell.swift */; };
		CEC66DA11A38DB9300560754 /* SongCell.xib in Resources */ = {isa = PBXBuildFile; fileRef = CEC66DA01A38DB9300560754 /* SongCell.xib */; };
		CECCC0B91A3F8E4700799854 /* PlaylistsViewController.swift in Sources */ = {isa = PBXBuildFile; fileRef = CECCC0B81A3F8E4700799854 /* PlaylistsViewController.swift */; };
		CECCC0BB1A3F8E7400799854 /* PlaylistsViewController.xib in Resources */ = {isa = PBXBuildFile; fileRef = CECCC0BA1A3F8E7400799854 /* PlaylistsViewController.xib */; };
		CECCC0D51A3FB64800799854 /* Playlist+Helpers.swift in Sources */ = {isa = PBXBuildFile; fileRef = CECCC0D41A3FB64800799854 /* Playlist+Helpers.swift */; };
		CECCC0D71A3FB65700799854 /* PlaylistSong+Helpers.swift in Sources */ = {isa = PBXBuildFile; fileRef = CECCC0D61A3FB65700799854 /* PlaylistSong+Helpers.swift */; };
		CECCC0EC1A40941400799854 /* PlaylistCell.swift in Sources */ = {isa = PBXBuildFile; fileRef = CECCC0EA1A40941400799854 /* PlaylistCell.swift */; };
		CECCC0ED1A40941400799854 /* PlaylistCell.xib in Resources */ = {isa = PBXBuildFile; fileRef = CECCC0EB1A40941400799854 /* PlaylistCell.xib */; };
		CECCC10A1A40CC2700799854 /* PlaylistSongsViewController.swift in Sources */ = {isa = PBXBuildFile; fileRef = CECCC1081A40CC2700799854 /* PlaylistSongsViewController.swift */; };
		CECCC10B1A40CC2700799854 /* PlaylistSongsViewController.xib in Resources */ = {isa = PBXBuildFile; fileRef = CECCC1091A40CC2700799854 /* PlaylistSongsViewController.xib */; };
		CECCC10D1A40ED1200799854 /* LastFmArtistEventsRequest.swift in Sources */ = {isa = PBXBuildFile; fileRef = CECCC10C1A40ED1200799854 /* LastFmArtistEventsRequest.swift */; };
		CECCC1101A40F46300799854 /* LastFmEvent.m in Sources */ = {isa = PBXBuildFile; fileRef = CECCC10F1A40F46300799854 /* LastFmEvent.m */; };
		CECCC1121A41134900799854 /* LastFmTrackBuyLinksRequest.swift in Sources */ = {isa = PBXBuildFile; fileRef = CECCC1111A41134900799854 /* LastFmTrackBuyLinksRequest.swift */; };
		CECCC1141A41135B00799854 /* LastFmAlbumBuyLinksRequest.swift in Sources */ = {isa = PBXBuildFile; fileRef = CECCC1131A41135B00799854 /* LastFmAlbumBuyLinksRequest.swift */; };
		CECCC1171A41168E00799854 /* LastFmBuyLink.m in Sources */ = {isa = PBXBuildFile; fileRef = CECCC1161A41168E00799854 /* LastFmBuyLink.m */; };
		CECCC1191A4127D400799854 /* LastFmBuyLinksViewController.swift in Sources */ = {isa = PBXBuildFile; fileRef = CECCC1181A4127D400799854 /* LastFmBuyLinksViewController.swift */; };
		CECCC1271A412AB400799854 /* MuzButton.swift in Sources */ = {isa = PBXBuildFile; fileRef = CECCC1261A412AB400799854 /* MuzButton.swift */; };
		CED89F731A8D765700D40DB4 /* Playlist.swift in Sources */ = {isa = PBXBuildFile; fileRef = CED89F721A8D765700D40DB4 /* Playlist.swift */; };
		CED89F791A8D770400D40DB4 /* PlaylistSong.swift in Sources */ = {isa = PBXBuildFile; fileRef = CED89F781A8D770400D40DB4 /* PlaylistSong.swift */; };
		CEDB617E1A37AF9700B90B2D /* RootViewController.swift in Sources */ = {isa = PBXBuildFile; fileRef = CEDB617D1A37AF9700B90B2D /* RootViewController.swift */; };
		CEDB61831A37B85D00B90B2D /* TabBarController.swift in Sources */ = {isa = PBXBuildFile; fileRef = CEDB61821A37B85D00B90B2D /* TabBarController.swift */; };
		CEDB61871A37BA2B00B90B2D /* NavBarController.swift in Sources */ = {isa = PBXBuildFile; fileRef = CEDB61861A37BA2B00B90B2D /* NavBarController.swift */; };
		CEDB618E1A37C40000B90B2D /* LovedViewController.swift in Sources */ = {isa = PBXBuildFile; fileRef = CEDB618C1A37C40000B90B2D /* LovedViewController.swift */; };
		CEDB618F1A37C40000B90B2D /* LovedViewController.xib in Resources */ = {isa = PBXBuildFile; fileRef = CEDB618D1A37C40000B90B2D /* LovedViewController.xib */; };
		CEDB61941A37D21B00B90B2D /* SongsViewController.swift in Sources */ = {isa = PBXBuildFile; fileRef = CEDB61921A37D21B00B90B2D /* SongsViewController.swift */; };
		CEDB61951A37D21B00B90B2D /* SongsViewController.xib in Resources */ = {isa = PBXBuildFile; fileRef = CEDB61931A37D21B00B90B2D /* SongsViewController.xib */; };
		CEDB61E71A37DCE300B90B2D /* MoreViewController.swift in Sources */ = {isa = PBXBuildFile; fileRef = CEDB61E61A37DCE300B90B2D /* MoreViewController.swift */; };
		CEDB61E91A37DCEE00B90B2D /* MoreViewController.xib in Resources */ = {isa = PBXBuildFile; fileRef = CEDB61E81A37DCEE00B90B2D /* MoreViewController.xib */; };
		CEDB61EB1A37DE5400B90B2D /* NowPlayingViewController.swift in Sources */ = {isa = PBXBuildFile; fileRef = CEDB61EA1A37DE5400B90B2D /* NowPlayingViewController.swift */; };
		CEDB61ED1A37DE6100B90B2D /* NowPlayingViewController.xib in Resources */ = {isa = PBXBuildFile; fileRef = CEDB61EC1A37DE6100B90B2D /* NowPlayingViewController.xib */; };
		CEE153451A3B41CD00BB16EB /* NowPlayingInfoViewController.swift in Sources */ = {isa = PBXBuildFile; fileRef = CEE153441A3B41CD00BB16EB /* NowPlayingInfoViewController.swift */; };
		CEE153471A3B41D900BB16EB /* NowPlayingInfoViewController.xib in Resources */ = {isa = PBXBuildFile; fileRef = CEE153461A3B41D900BB16EB /* NowPlayingInfoViewController.xib */; };
		CEE1534E1A3B567C00BB16EB /* NowPlayingInfoLyricsCell.swift in Sources */ = {isa = PBXBuildFile; fileRef = CEE1534D1A3B567C00BB16EB /* NowPlayingInfoLyricsCell.swift */; };
		CEE153501A3B568400BB16EB /* NowPlayingInfoLyricsCell.xib in Resources */ = {isa = PBXBuildFile; fileRef = CEE1534F1A3B568400BB16EB /* NowPlayingInfoLyricsCell.xib */; };
		CEE153551A3B5B4B00BB16EB /* HTMLNode.m in Sources */ = {isa = PBXBuildFile; fileRef = CEE153521A3B5B4B00BB16EB /* HTMLNode.m */; };
		CEE153561A3B5B4B00BB16EB /* HTMLParser.m in Sources */ = {isa = PBXBuildFile; fileRef = CEE153541A3B5B4B00BB16EB /* HTMLParser.m */; };
		CEF808291A8A94FF00B6D954 /* NSNumber+Helpers.swift in Sources */ = {isa = PBXBuildFile; fileRef = CEF808281A8A94FF00B6D954 /* NSNumber+Helpers.swift */; };
		CEF8082B1A8AAEB600B6D954 /* TopAlbumCell.swift in Sources */ = {isa = PBXBuildFile; fileRef = CEF8082A1A8AAEB600B6D954 /* TopAlbumCell.swift */; };
		CEF8082D1A8AAEC100B6D954 /* TopAlbumCell.xib in Resources */ = {isa = PBXBuildFile; fileRef = CEF8082C1A8AAEC100B6D954 /* TopAlbumCell.xib */; };
		CEFEB1C41A843A270070A28D /* SyncOverlayController.swift in Sources */ = {isa = PBXBuildFile; fileRef = CEFEB1C31A843A270070A28D /* SyncOverlayController.swift */; };
		CEFEB1C61A843A5B0070A28D /* SyncOverlayController.xib in Resources */ = {isa = PBXBuildFile; fileRef = CEFEB1C51A843A5B0070A28D /* SyncOverlayController.xib */; };
		CEFEB1C81A843DA00070A28D /* UIButton+Helpers.swift in Sources */ = {isa = PBXBuildFile; fileRef = CEFEB1C71A843DA00070A28D /* UIButton+Helpers.swift */; };
/* End PBXBuildFile section */

/* Begin PBXContainerItemProxy section */
		CE444BC61A36A25500153F77 /* PBXContainerItemProxy */ = {
			isa = PBXContainerItemProxy;
			containerPortal = CE444BA81A36A25500153F77 /* Project object */;
			proxyType = 1;
			remoteGlobalIDString = CE444BAF1A36A25500153F77;
			remoteInfo = Muz;
		};
/* End PBXContainerItemProxy section */

/* Begin PBXFileReference section */
		011AF3B81A880C5300E298DD /* NowPlayingTableViewCell.swift */ = {isa = PBXFileReference; fileEncoding = 4; lastKnownFileType = sourcecode.swift; path = NowPlayingTableViewCell.swift; sourceTree = "<group>"; };
		011AF3BA1A880C5C00E298DD /* NowPlayingTableViewCell.xib */ = {isa = PBXFileReference; fileEncoding = 4; lastKnownFileType = file.xib; path = NowPlayingTableViewCell.xib; sourceTree = "<group>"; };
		017497E31AB5FA11003EFF28 /* RecommendedSearchCell.swift */ = {isa = PBXFileReference; fileEncoding = 4; lastKnownFileType = sourcecode.swift; path = RecommendedSearchCell.swift; sourceTree = "<group>"; };
		017497E51AB5FA18003EFF28 /* RecommendedSearchCell.xib */ = {isa = PBXFileReference; fileEncoding = 4; lastKnownFileType = file.xib; path = RecommendedSearchCell.xib; sourceTree = "<group>"; };
		01F9B1521AB5EB9C00D0513B /* Muz+ItunesSearch.swift */ = {isa = PBXFileReference; fileEncoding = 4; lastKnownFileType = sourcecode.swift; path = "Muz+ItunesSearch.swift"; sourceTree = "<group>"; };
		01F9B1541AB5F62800D0513B /* SearchOverlayController.swift */ = {isa = PBXFileReference; fileEncoding = 4; lastKnownFileType = sourcecode.swift; path = SearchOverlayController.swift; sourceTree = "<group>"; };
		01F9B1561AB5F72C00D0513B /* SearchOverlayController.xib */ = {isa = PBXFileReference; fileEncoding = 4; lastKnownFileType = file.xib; path = SearchOverlayController.xib; sourceTree = "<group>"; };
		B5C84601BD2F3431F5F52BE9 /* Pods.debug.xcconfig */ = {isa = PBXFileReference; includeInIndex = 1; lastKnownFileType = text.xcconfig; name = Pods.debug.xcconfig; path = "Pods/Target Support Files/Pods/Pods.debug.xcconfig"; sourceTree = "<group>"; };
		CC5E238686D44A286C24637D /* libPods.a */ = {isa = PBXFileReference; explicitFileType = archive.ar; includeInIndex = 0; path = libPods.a; sourceTree = BUILT_PRODUCTS_DIR; };
		CE167D9F1A855A7700A9EC1A /* Artist.swift */ = {isa = PBXFileReference; fileEncoding = 4; lastKnownFileType = sourcecode.swift; path = Artist.swift; sourceTree = "<group>"; };
		CE167DA21A855E6800A9EC1A /* Album.swift */ = {isa = PBXFileReference; fileEncoding = 4; lastKnownFileType = sourcecode.swift; path = Album.swift; sourceTree = "<group>"; };
		CE167DA41A855E6900A9EC1A /* Song.swift */ = {isa = PBXFileReference; fileEncoding = 4; lastKnownFileType = sourcecode.swift; path = Song.swift; sourceTree = "<group>"; };
		CE2BD11E1A59F2670077D3FD /* MoreLastFmSettingCell.swift */ = {isa = PBXFileReference; fileEncoding = 4; lastKnownFileType = sourcecode.swift; path = MoreLastFmSettingCell.swift; sourceTree = "<group>"; };
		CE2BD1201A59F2710077D3FD /* MoreLastFmSettingCell.xib */ = {isa = PBXFileReference; fileEncoding = 4; lastKnownFileType = file.xib; path = MoreLastFmSettingCell.xib; sourceTree = "<group>"; };
		CE3038D71A3E033100DCC5EB /* SimiliarArtistCollectionViewCell.xib */ = {isa = PBXFileReference; fileEncoding = 4; lastKnownFileType = file.xib; path = SimiliarArtistCollectionViewCell.xib; sourceTree = "<group>"; };
		CE3038D91A3E037700DCC5EB /* SimiliarArtistCollectionViewCell.swift */ = {isa = PBXFileReference; fileEncoding = 4; lastKnownFileType = sourcecode.swift; path = SimiliarArtistCollectionViewCell.swift; sourceTree = "<group>"; };
		CE3038DB1A3E067500DCC5EB /* LastFmArtistInfoRequest.swift */ = {isa = PBXFileReference; fileEncoding = 4; lastKnownFileType = sourcecode.swift; path = LastFmArtistInfoRequest.swift; sourceTree = "<group>"; };
		CE3038EC1A3E0C4F00DCC5EB /* LastFmArtist.h */ = {isa = PBXFileReference; fileEncoding = 4; lastKnownFileType = sourcecode.c.h; path = LastFmArtist.h; sourceTree = "<group>"; };
		CE3038ED1A3E0C4F00DCC5EB /* LastFmArtist.m */ = {isa = PBXFileReference; fileEncoding = 4; lastKnownFileType = sourcecode.c.objc; path = LastFmArtist.m; sourceTree = "<group>"; };
		CE3038EF1A3E0DEF00DCC5EB /* LastFmSimiliarArtist.h */ = {isa = PBXFileReference; fileEncoding = 4; lastKnownFileType = sourcecode.c.h; path = LastFmSimiliarArtist.h; sourceTree = "<group>"; };
		CE3038F01A3E0DEF00DCC5EB /* LastFmSimiliarArtist.m */ = {isa = PBXFileReference; fileEncoding = 4; lastKnownFileType = sourcecode.c.objc; path = LastFmSimiliarArtist.m; sourceTree = "<group>"; };
		CE3126161A50DA480071AD27 /* NoMusicOverlayController.swift */ = {isa = PBXFileReference; fileEncoding = 4; lastKnownFileType = sourcecode.swift; path = NoMusicOverlayController.swift; sourceTree = "<group>"; };
		CE3126181A50DA500071AD27 /* NoMusicOverlayController.xib */ = {isa = PBXFileReference; fileEncoding = 4; lastKnownFileType = file.xib; path = NoMusicOverlayController.xib; sourceTree = "<group>"; };
		CE31261C1A50E77A0071AD27 /* TutorialController.xib */ = {isa = PBXFileReference; fileEncoding = 4; lastKnownFileType = file.xib; path = TutorialController.xib; sourceTree = "<group>"; };
		CE31261E1A50E7870071AD27 /* TutorialController.swift */ = {isa = PBXFileReference; fileEncoding = 4; lastKnownFileType = sourcecode.swift; path = TutorialController.swift; sourceTree = "<group>"; };
		CE3126261A50E9280071AD27 /* ShadowsIntoLight.ttf */ = {isa = PBXFileReference; lastKnownFileType = file; path = ShadowsIntoLight.ttf; sourceTree = "<group>"; };
		CE3338201A393B6C00281146 /* ArtistAlbumHeader.swift */ = {isa = PBXFileReference; fileEncoding = 4; lastKnownFileType = sourcecode.swift; path = ArtistAlbumHeader.swift; sourceTree = "<group>"; };
		CE3338221A393BA900281146 /* ArtistAlbumHeader.xib */ = {isa = PBXFileReference; fileEncoding = 4; lastKnownFileType = file.xib; path = ArtistAlbumHeader.xib; sourceTree = "<group>"; };
		CE3338261A39D7E400281146 /* ArtistAlbumsSongCell.xib */ = {isa = PBXFileReference; fileEncoding = 4; lastKnownFileType = file.xib; path = ArtistAlbumsSongCell.xib; sourceTree = "<group>"; };
		CE3338281A39D7EB00281146 /* ArtistAlbumsSongCell.swift */ = {isa = PBXFileReference; fileEncoding = 4; lastKnownFileType = sourcecode.swift; path = ArtistAlbumsSongCell.swift; sourceTree = "<group>"; };
		CE33385A1A3A0A7300281146 /* ArtistsHeader.swift */ = {isa = PBXFileReference; fileEncoding = 4; lastKnownFileType = sourcecode.swift; path = ArtistsHeader.swift; sourceTree = "<group>"; };
		CE33385C1A3A0A7D00281146 /* SongsHeader.swift */ = {isa = PBXFileReference; fileEncoding = 4; lastKnownFileType = sourcecode.swift; path = SongsHeader.swift; sourceTree = "<group>"; };
		CE33385E1A3A0AD100281146 /* SongsHeader.xib */ = {isa = PBXFileReference; fileEncoding = 4; lastKnownFileType = file.xib; path = SongsHeader.xib; sourceTree = "<group>"; };
		CE3338601A3A0ADB00281146 /* ArtistsHeader.xib */ = {isa = PBXFileReference; fileEncoding = 4; lastKnownFileType = file.xib; path = ArtistsHeader.xib; sourceTree = "<group>"; };
		CE3D298D1A4F88EA000CCC90 /* Images.xcassets */ = {isa = PBXFileReference; lastKnownFileType = folder.assetcatalog; path = Images.xcassets; sourceTree = "<group>"; };
		CE3F8AD41A801A370025A75E /* Muz 2.xcdatamodel */ = {isa = PBXFileReference; lastKnownFileType = wrapper.xcdatamodel; path = "Muz 2.xcdatamodel"; sourceTree = "<group>"; };
		CE4184C51A4922900011C0DA /* Base */ = {isa = PBXFileReference; lastKnownFileType = file.xib; name = Base; path = LaunchScreen.xib; sourceTree = "<group>"; };
		CE4184C71A4922900011C0DA /* Base */ = {isa = PBXFileReference; lastKnownFileType = file.storyboard; name = Base; path = Main.storyboard; sourceTree = "<group>"; };
		CE4184CD1A4922900011C0DA /* Muz.xcdatamodel */ = {isa = PBXFileReference; lastKnownFileType = wrapper.xcdatamodel; path = Muz.xcdatamodel; sourceTree = "<group>"; };
		CE4184D71A49E8330011C0DA /* SettingsManager.swift */ = {isa = PBXFileReference; fileEncoding = 4; lastKnownFileType = sourcecode.swift; path = SettingsManager.swift; sourceTree = "<group>"; };
		CE4184D91A4A3CC30011C0DA /* LastFmEventMapController.swift */ = {isa = PBXFileReference; fileEncoding = 4; lastKnownFileType = sourcecode.swift; path = LastFmEventMapController.swift; sourceTree = "<group>"; };
		CE4184DB1A4A3CCB0011C0DA /* LastFmEventMapController.xib */ = {isa = PBXFileReference; fileEncoding = 4; lastKnownFileType = file.xib; path = LastFmEventMapController.xib; sourceTree = "<group>"; };
		CE4184DD1A4A49630011C0DA /* WebRequest.swift */ = {isa = PBXFileReference; fileEncoding = 4; lastKnownFileType = sourcecode.swift; path = WebRequest.swift; sourceTree = "<group>"; };
		CE444BB01A36A25500153F77 /* Muz.app */ = {isa = PBXFileReference; explicitFileType = wrapper.application; includeInIndex = 0; path = Muz.app; sourceTree = BUILT_PRODUCTS_DIR; };
		CE444BB41A36A25500153F77 /* Info.plist */ = {isa = PBXFileReference; lastKnownFileType = text.plist.xml; path = Info.plist; sourceTree = "<group>"; };
		CE444BB51A36A25500153F77 /* AppDelegate.swift */ = {isa = PBXFileReference; lastKnownFileType = sourcecode.swift; path = AppDelegate.swift; sourceTree = "<group>"; };
		CE444BBA1A36A25500153F77 /* Base */ = {isa = PBXFileReference; lastKnownFileType = file.storyboard; name = Base; path = Base.lproj/Main.storyboard; sourceTree = "<group>"; };
		CE444BBF1A36A25500153F77 /* Base */ = {isa = PBXFileReference; lastKnownFileType = file.xib; name = Base; path = Base.lproj/LaunchScreen.xib; sourceTree = "<group>"; };
		CE444BC51A36A25500153F77 /* MuzTests.xctest */ = {isa = PBXFileReference; explicitFileType = wrapper.cfbundle; includeInIndex = 0; path = MuzTests.xctest; sourceTree = BUILT_PRODUCTS_DIR; };
		CE444BCA1A36A25500153F77 /* Info.plist */ = {isa = PBXFileReference; lastKnownFileType = text.plist.xml; path = Info.plist; sourceTree = "<group>"; };
		CE444BCB1A36A25500153F77 /* MuzTests.swift */ = {isa = PBXFileReference; lastKnownFileType = sourcecode.swift; path = MuzTests.swift; sourceTree = "<group>"; };
		CE444BD71A36A27200153F77 /* ArtistsViewController.swift */ = {isa = PBXFileReference; fileEncoding = 4; lastKnownFileType = sourcecode.swift; path = ArtistsViewController.swift; sourceTree = "<group>"; };
		CE444BD91A36A27200153F77 /* ArtistCell.swift */ = {isa = PBXFileReference; fileEncoding = 4; lastKnownFileType = sourcecode.swift; path = ArtistCell.swift; sourceTree = "<group>"; };
		CE444BDA1A36A27200153F77 /* ArtistCell.xib */ = {isa = PBXFileReference; fileEncoding = 4; lastKnownFileType = file.xib; path = ArtistCell.xib; sourceTree = "<group>"; };
		CE444BE01A36A28700153F77 /* Song+Helpers.swift */ = {isa = PBXFileReference; fileEncoding = 4; lastKnownFileType = sourcecode.swift; path = "Song+Helpers.swift"; sourceTree = "<group>"; };
		CE444BE11A36A28700153F77 /* DataManager.swift */ = {isa = PBXFileReference; fileEncoding = 4; lastKnownFileType = sourcecode.swift; path = DataManager.swift; sourceTree = "<group>"; };
		CE444BE21A36A28700153F77 /* Datastore.swift */ = {isa = PBXFileReference; fileEncoding = 4; lastKnownFileType = sourcecode.swift; path = Datastore.swift; sourceTree = "<group>"; };
		CE444BE31A36A28700153F77 /* MediaSession.swift */ = {isa = PBXFileReference; fileEncoding = 4; lastKnownFileType = sourcecode.swift; path = MediaSession.swift; sourceTree = "<group>"; };
		CE49F35F1A3A83C8008DE25E /* NowPlayingPageController.swift */ = {isa = PBXFileReference; fileEncoding = 4; lastKnownFileType = sourcecode.swift; path = NowPlayingPageController.swift; sourceTree = "<group>"; };
		CE5E31A71A86A3CC00969647 /* LastFmSimilarArtistTableCell.swift */ = {isa = PBXFileReference; fileEncoding = 4; lastKnownFileType = sourcecode.swift; path = LastFmSimilarArtistTableCell.swift; sourceTree = "<group>"; };
		CE5E31A91A86A40100969647 /* LastFmSimilarArtistTableCell.xib */ = {isa = PBXFileReference; fileEncoding = 4; lastKnownFileType = file.xib; path = LastFmSimilarArtistTableCell.xib; sourceTree = "<group>"; };
		CE6EF4FF1A38F07D001FE858 /* ArtistAlbumsViewController.swift */ = {isa = PBXFileReference; fileEncoding = 4; lastKnownFileType = sourcecode.swift; path = ArtistAlbumsViewController.swift; sourceTree = "<group>"; };
		CE6EF5011A38F08C001FE858 /* ArtistAlbumsViewController.xib */ = {isa = PBXFileReference; fileEncoding = 4; lastKnownFileType = file.xib; path = ArtistAlbumsViewController.xib; sourceTree = "<group>"; };
		CE7D81211A51C6D4001C1035 /* AudioToolbox.framework */ = {isa = PBXFileReference; lastKnownFileType = wrapper.framework; name = AudioToolbox.framework; path = System/Library/Frameworks/AudioToolbox.framework; sourceTree = SDKROOT; };
		CE7D81231A51C6E2001C1035 /* CoreLocation.framework */ = {isa = PBXFileReference; lastKnownFileType = wrapper.framework; name = CoreLocation.framework; path = System/Library/Frameworks/CoreLocation.framework; sourceTree = SDKROOT; };
		CE7D81251A51C6EA001C1035 /* MobileCoreServices.framework */ = {isa = PBXFileReference; lastKnownFileType = wrapper.framework; name = MobileCoreServices.framework; path = System/Library/Frameworks/MobileCoreServices.framework; sourceTree = SDKROOT; };
		CE7D81271A51C6FF001C1035 /* Security.framework */ = {isa = PBXFileReference; lastKnownFileType = wrapper.framework; name = Security.framework; path = System/Library/Frameworks/Security.framework; sourceTree = SDKROOT; };
		CE7D81291A51C70B001C1035 /* StoreKit.framework */ = {isa = PBXFileReference; lastKnownFileType = wrapper.framework; name = StoreKit.framework; path = System/Library/Frameworks/StoreKit.framework; sourceTree = SDKROOT; };
		CE7D812B1A51C712001C1035 /* libz.dylib */ = {isa = PBXFileReference; lastKnownFileType = "compiled.mach-o.dylib"; name = libz.dylib; path = usr/lib/libz.dylib; sourceTree = SDKROOT; };
		CE7D812D1A51C71A001C1035 /* libsqlite3.dylib */ = {isa = PBXFileReference; lastKnownFileType = "compiled.mach-o.dylib"; name = libsqlite3.dylib; path = usr/lib/libsqlite3.dylib; sourceTree = SDKROOT; };
		CE9211281A8926DF00758227 /* TopTracksViewController.swift */ = {isa = PBXFileReference; fileEncoding = 4; lastKnownFileType = sourcecode.swift; path = TopTracksViewController.swift; sourceTree = "<group>"; };
		CE92112A1A8926E900758227 /* TopAlbumsViewController.swift */ = {isa = PBXFileReference; fileEncoding = 4; lastKnownFileType = sourcecode.swift; path = TopAlbumsViewController.swift; sourceTree = "<group>"; };
		CE92112C1A89270800758227 /* TopTracksViewController.xib */ = {isa = PBXFileReference; fileEncoding = 4; lastKnownFileType = file.xib; path = TopTracksViewController.xib; sourceTree = "<group>"; };
		CE92112E1A89271000758227 /* TopAlbumsViewController.xib */ = {isa = PBXFileReference; fileEncoding = 4; lastKnownFileType = file.xib; path = TopAlbumsViewController.xib; sourceTree = "<group>"; };
		CE9211301A8927FC00758227 /* LastFmTopTracksRequest.swift */ = {isa = PBXFileReference; fileEncoding = 4; lastKnownFileType = sourcecode.swift; path = LastFmTopTracksRequest.swift; sourceTree = "<group>"; };
		CE9211321A89280700758227 /* LastFmTopAlbumsRequest.swift */ = {isa = PBXFileReference; fileEncoding = 4; lastKnownFileType = sourcecode.swift; path = LastFmTopAlbumsRequest.swift; sourceTree = "<group>"; };
		CE9211341A8929CC00758227 /* LastFmAlbum.h */ = {isa = PBXFileReference; fileEncoding = 4; lastKnownFileType = sourcecode.c.h; path = LastFmAlbum.h; sourceTree = "<group>"; };
		CE9211351A8929CC00758227 /* LastFmAlbum.m */ = {isa = PBXFileReference; fileEncoding = 4; lastKnownFileType = sourcecode.c.objc; path = LastFmAlbum.m; sourceTree = "<group>"; };
		CE9211371A892FBE00758227 /* LastFmTrack.h */ = {isa = PBXFileReference; fileEncoding = 4; lastKnownFileType = sourcecode.c.h; path = LastFmTrack.h; sourceTree = "<group>"; };
		CE9211381A892FBE00758227 /* LastFmTrack.m */ = {isa = PBXFileReference; fileEncoding = 4; lastKnownFileType = sourcecode.c.objc; path = LastFmTrack.m; sourceTree = "<group>"; };
		CE9575871AA8B642002B444C /* FacebookSDK.framework */ = {isa = PBXFileReference; lastKnownFileType = wrapper.framework; path = FacebookSDK.framework; sourceTree = "<group>"; };
		CE95758A1AA8BF0B002B444C /* ItunesSearch.h */ = {isa = PBXFileReference; fileEncoding = 4; lastKnownFileType = sourcecode.c.h; path = ItunesSearch.h; sourceTree = "<group>"; };
		CE95758B1AA8BF0B002B444C /* ItunesSearch.m */ = {isa = PBXFileReference; fileEncoding = 4; lastKnownFileType = sourcecode.c.objc; path = ItunesSearch.m; sourceTree = "<group>"; };
		CE95D9BC1A3DFB730060752A /* LastFmArtistInfoCell.swift */ = {isa = PBXFileReference; fileEncoding = 4; lastKnownFileType = sourcecode.swift; path = LastFmArtistInfoCell.swift; sourceTree = "<group>"; };
		CE95D9BE1A3DFB860060752A /* LastFmArtistInfoCell.xib */ = {isa = PBXFileReference; fileEncoding = 4; lastKnownFileType = file.xib; path = LastFmArtistInfoCell.xib; sourceTree = "<group>"; };
		CE9745401A3E548F00A65633 /* LastFmSimiliarArtistsRequest.swift */ = {isa = PBXFileReference; fileEncoding = 4; lastKnownFileType = sourcecode.swift; path = LastFmSimiliarArtistsRequest.swift; sourceTree = "<group>"; };
		CE9745421A3E556900A65633 /* LastFmRequest.swift */ = {isa = PBXFileReference; fileEncoding = 4; lastKnownFileType = sourcecode.swift; path = LastFmRequest.swift; sourceTree = "<group>"; };
		CE9BBDBA1A36A87B00878C09 /* Muz.xcdatamodel */ = {isa = PBXFileReference; lastKnownFileType = wrapper.xcdatamodel; path = Muz.xcdatamodel; sourceTree = "<group>"; };
		CE9BCFAD1A43C77300522F18 /* NowPlayingCollectionController.xib */ = {isa = PBXFileReference; fileEncoding = 4; lastKnownFileType = file.xib; path = NowPlayingCollectionController.xib; sourceTree = "<group>"; };
		CE9BCFAF1A43C77D00522F18 /* NowPlayingCollectionController.swift */ = {isa = PBXFileReference; fileEncoding = 4; lastKnownFileType = sourcecode.swift; path = NowPlayingCollectionController.swift; sourceTree = "<group>"; };
		CE9BCFCE1A44C39800522F18 /* CreatePlaylistOverlay.swift */ = {isa = PBXFileReference; fileEncoding = 4; lastKnownFileType = sourcecode.swift; path = CreatePlaylistOverlay.swift; sourceTree = "<group>"; };
		CE9BCFD01A44C3BA00522F18 /* CreatePlaylistOverlay.xib */ = {isa = PBXFileReference; fileEncoding = 4; lastKnownFileType = file.xib; path = CreatePlaylistOverlay.xib; sourceTree = "<group>"; };
		CE9BCFD21A44E68300522F18 /* OverlayController.swift */ = {isa = PBXFileReference; fileEncoding = 4; lastKnownFileType = sourcecode.swift; path = OverlayController.swift; sourceTree = "<group>"; };
		CE9BCFD51A44EB4C00522F18 /* CreatePlaylistCell.swift */ = {isa = PBXFileReference; fileEncoding = 4; lastKnownFileType = sourcecode.swift; path = CreatePlaylistCell.swift; sourceTree = "<group>"; };
		CE9BCFD71A44EB5700522F18 /* CreatePlaylistCell.xib */ = {isa = PBXFileReference; fileEncoding = 4; lastKnownFileType = file.xib; path = CreatePlaylistCell.xib; sourceTree = "<group>"; };
		CE9BCFDB1A45D18F00522F18 /* LastFmEventCell.swift */ = {isa = PBXFileReference; fileEncoding = 4; lastKnownFileType = sourcecode.swift; path = LastFmEventCell.swift; sourceTree = "<group>"; };
		CE9BCFDC1A45D18F00522F18 /* LastFmEventCell.xib */ = {isa = PBXFileReference; fileEncoding = 4; lastKnownFileType = file.xib; path = LastFmEventCell.xib; sourceTree = "<group>"; };
		CE9BCFDF1A45D2CD00522F18 /* LastFmEventInfoCell.swift */ = {isa = PBXFileReference; fileEncoding = 4; lastKnownFileType = sourcecode.swift; path = LastFmEventInfoCell.swift; sourceTree = "<group>"; };
		CE9BCFE01A45D2CD00522F18 /* LastFmEventInfoCell.xib */ = {isa = PBXFileReference; fileEncoding = 4; lastKnownFileType = file.xib; path = LastFmEventInfoCell.xib; sourceTree = "<group>"; };
		CE9BCFE31A45D56500522F18 /* LastFmCell.swift */ = {isa = PBXFileReference; fileEncoding = 4; lastKnownFileType = sourcecode.swift; path = LastFmCell.swift; sourceTree = "<group>"; };
		CE9BCFE51A45E21900522F18 /* LastFmEventInfoController.xib */ = {isa = PBXFileReference; fileEncoding = 4; lastKnownFileType = file.xib; path = LastFmEventInfoController.xib; sourceTree = "<group>"; };
		CE9BCFE61A45E21900522F18 /* LastFmEventInfoController.swift */ = {isa = PBXFileReference; fileEncoding = 4; lastKnownFileType = sourcecode.swift; path = LastFmEventInfoController.swift; sourceTree = "<group>"; };
		CE9BCFEA1A45E2CB00522F18 /* LastFmEventInfoDetailsCell.swift */ = {isa = PBXFileReference; fileEncoding = 4; lastKnownFileType = sourcecode.swift; path = LastFmEventInfoDetailsCell.swift; sourceTree = "<group>"; };
		CE9BCFEC1A45E2D700522F18 /* LastFmEventInfoDetailsCell.xib */ = {isa = PBXFileReference; fileEncoding = 4; lastKnownFileType = file.xib; path = LastFmEventInfoDetailsCell.xib; sourceTree = "<group>"; };
		CEA4A13C1A8665EA003FDF0D /* random.jpg */ = {isa = PBXFileReference; lastKnownFileType = image.jpeg; path = random.jpg; sourceTree = "<group>"; };
		CEA4A13E1A867678003FDF0D /* HomeViewController.swift */ = {isa = PBXFileReference; fileEncoding = 4; lastKnownFileType = sourcecode.swift; path = HomeViewController.swift; sourceTree = "<group>"; };
		CEA4A1401A8676B0003FDF0D /* HomeViewController.xib */ = {isa = PBXFileReference; fileEncoding = 4; lastKnownFileType = file.xib; path = HomeViewController.xib; sourceTree = "<group>"; };
		CEAA2A961AA7CF2E00DDCD23 /* LastFmLoginOverlayController.swift */ = {isa = PBXFileReference; fileEncoding = 4; lastKnownFileType = sourcecode.swift; path = LastFmLoginOverlayController.swift; sourceTree = "<group>"; };
		CEAA2A981AA7CF5C00DDCD23 /* LastFmLoginOverlayController.xib */ = {isa = PBXFileReference; fileEncoding = 4; lastKnownFileType = file.xib; path = LastFmLoginOverlayController.xib; sourceTree = "<group>"; };
		CEAA2A9A1AA7D0DC00DDCD23 /* LastFmLoginCell.swift */ = {isa = PBXFileReference; fileEncoding = 4; lastKnownFileType = sourcecode.swift; path = LastFmLoginCell.swift; sourceTree = "<group>"; };
		CEAA2A9E1AA7D0FB00DDCD23 /* LastFmLoginCell.xib */ = {isa = PBXFileReference; fileEncoding = 4; lastKnownFileType = file.xib; path = LastFmLoginCell.xib; sourceTree = "<group>"; };
		CEB200CF1A378B6300E857D8 /* Muz-Bridging-Header.h */ = {isa = PBXFileReference; lastKnownFileType = sourcecode.c.h; path = "Muz-Bridging-Header.h"; sourceTree = "<group>"; };
		CEB200D01A378B6400E857D8 /* UIImage+ImageEffects.h */ = {isa = PBXFileReference; fileEncoding = 4; lastKnownFileType = sourcecode.c.h; path = "UIImage+ImageEffects.h"; sourceTree = "<group>"; };
		CEB200D11A378B6400E857D8 /* UIImage+ImageEffects.m */ = {isa = PBXFileReference; fileEncoding = 4; lastKnownFileType = sourcecode.c.objc; path = "UIImage+ImageEffects.m"; sourceTree = "<group>"; };
		CEB200D31A379C7000E857D8 /* ArtistsViewController.xib */ = {isa = PBXFileReference; fileEncoding = 4; lastKnownFileType = file.xib; path = ArtistsViewController.xib; sourceTree = "<group>"; };
		CEB524E21A3B766000027C71 /* LyricsRequest.swift */ = {isa = PBXFileReference; fileEncoding = 4; lastKnownFileType = sourcecode.swift; path = LyricsRequest.swift; sourceTree = "<group>"; };
		CEBB56141A3B951C00AE8CAA /* NSString+Lyrics.h */ = {isa = PBXFileReference; fileEncoding = 4; lastKnownFileType = sourcecode.c.h; path = "NSString+Lyrics.h"; sourceTree = "<group>"; };
		CEBB56151A3B951C00AE8CAA /* NSString+Lyrics.m */ = {isa = PBXFileReference; fileEncoding = 4; lastKnownFileType = sourcecode.c.objc; path = "NSString+Lyrics.m"; sourceTree = "<group>"; };
		CEBC1EEF1A813BB4000AF2F1 /* Artist+Helpers.swift */ = {isa = PBXFileReference; fileEncoding = 4; lastKnownFileType = sourcecode.swift; path = "Artist+Helpers.swift"; sourceTree = "<group>"; };
		CEBC1EF11A813C19000AF2F1 /* Album+Helpers.swift */ = {isa = PBXFileReference; fileEncoding = 4; lastKnownFileType = sourcecode.swift; path = "Album+Helpers.swift"; sourceTree = "<group>"; };
		CEBC1EF51A816D7B000AF2F1 /* UIImageView+Helpers.swift */ = {isa = PBXFileReference; fileEncoding = 4; lastKnownFileType = sourcecode.swift; path = "UIImageView+Helpers.swift"; sourceTree = "<group>"; };
		CEBC1EF71A81781E000AF2F1 /* NSString+Helpers.swift */ = {isa = PBXFileReference; fileEncoding = 4; lastKnownFileType = sourcecode.swift; path = "NSString+Helpers.swift"; sourceTree = "<group>"; };
		CEC66D9C1A38DA2400560754 /* SongCell.swift */ = {isa = PBXFileReference; fileEncoding = 4; lastKnownFileType = sourcecode.swift; path = SongCell.swift; sourceTree = "<group>"; };
		CEC66DA01A38DB9300560754 /* SongCell.xib */ = {isa = PBXFileReference; fileEncoding = 4; lastKnownFileType = file.xib; path = SongCell.xib; sourceTree = "<group>"; };
		CECCC0B81A3F8E4700799854 /* PlaylistsViewController.swift */ = {isa = PBXFileReference; fileEncoding = 4; lastKnownFileType = sourcecode.swift; path = PlaylistsViewController.swift; sourceTree = "<group>"; };
		CECCC0BA1A3F8E7400799854 /* PlaylistsViewController.xib */ = {isa = PBXFileReference; fileEncoding = 4; lastKnownFileType = file.xib; path = PlaylistsViewController.xib; sourceTree = "<group>"; };
		CECCC0D41A3FB64800799854 /* Playlist+Helpers.swift */ = {isa = PBXFileReference; fileEncoding = 4; lastKnownFileType = sourcecode.swift; path = "Playlist+Helpers.swift"; sourceTree = "<group>"; };
		CECCC0D61A3FB65700799854 /* PlaylistSong+Helpers.swift */ = {isa = PBXFileReference; fileEncoding = 4; lastKnownFileType = sourcecode.swift; path = "PlaylistSong+Helpers.swift"; sourceTree = "<group>"; };
		CECCC0EA1A40941400799854 /* PlaylistCell.swift */ = {isa = PBXFileReference; fileEncoding = 4; lastKnownFileType = sourcecode.swift; path = PlaylistCell.swift; sourceTree = "<group>"; };
		CECCC0EB1A40941400799854 /* PlaylistCell.xib */ = {isa = PBXFileReference; fileEncoding = 4; lastKnownFileType = file.xib; path = PlaylistCell.xib; sourceTree = "<group>"; };
		CECCC1081A40CC2700799854 /* PlaylistSongsViewController.swift */ = {isa = PBXFileReference; fileEncoding = 4; lastKnownFileType = sourcecode.swift; path = PlaylistSongsViewController.swift; sourceTree = "<group>"; };
		CECCC1091A40CC2700799854 /* PlaylistSongsViewController.xib */ = {isa = PBXFileReference; fileEncoding = 4; lastKnownFileType = file.xib; path = PlaylistSongsViewController.xib; sourceTree = "<group>"; };
		CECCC10C1A40ED1200799854 /* LastFmArtistEventsRequest.swift */ = {isa = PBXFileReference; fileEncoding = 4; lastKnownFileType = sourcecode.swift; path = LastFmArtistEventsRequest.swift; sourceTree = "<group>"; };
		CECCC10E1A40F46300799854 /* LastFmEvent.h */ = {isa = PBXFileReference; fileEncoding = 4; lastKnownFileType = sourcecode.c.h; path = LastFmEvent.h; sourceTree = "<group>"; };
		CECCC10F1A40F46300799854 /* LastFmEvent.m */ = {isa = PBXFileReference; fileEncoding = 4; lastKnownFileType = sourcecode.c.objc; path = LastFmEvent.m; sourceTree = "<group>"; };
		CECCC1111A41134900799854 /* LastFmTrackBuyLinksRequest.swift */ = {isa = PBXFileReference; fileEncoding = 4; lastKnownFileType = sourcecode.swift; path = LastFmTrackBuyLinksRequest.swift; sourceTree = "<group>"; };
		CECCC1131A41135B00799854 /* LastFmAlbumBuyLinksRequest.swift */ = {isa = PBXFileReference; fileEncoding = 4; lastKnownFileType = sourcecode.swift; path = LastFmAlbumBuyLinksRequest.swift; sourceTree = "<group>"; };
		CECCC1151A41168E00799854 /* LastFmBuyLink.h */ = {isa = PBXFileReference; fileEncoding = 4; lastKnownFileType = sourcecode.c.h; path = LastFmBuyLink.h; sourceTree = "<group>"; };
		CECCC1161A41168E00799854 /* LastFmBuyLink.m */ = {isa = PBXFileReference; fileEncoding = 4; lastKnownFileType = sourcecode.c.objc; path = LastFmBuyLink.m; sourceTree = "<group>"; };
		CECCC1181A4127D400799854 /* LastFmBuyLinksViewController.swift */ = {isa = PBXFileReference; fileEncoding = 4; lastKnownFileType = sourcecode.swift; path = LastFmBuyLinksViewController.swift; sourceTree = "<group>"; };
		CECCC1261A412AB400799854 /* MuzButton.swift */ = {isa = PBXFileReference; fileEncoding = 4; lastKnownFileType = sourcecode.swift; path = MuzButton.swift; sourceTree = "<group>"; };
		CED89F721A8D765700D40DB4 /* Playlist.swift */ = {isa = PBXFileReference; fileEncoding = 4; lastKnownFileType = sourcecode.swift; path = Playlist.swift; sourceTree = "<group>"; };
		CED89F781A8D770400D40DB4 /* PlaylistSong.swift */ = {isa = PBXFileReference; fileEncoding = 4; lastKnownFileType = sourcecode.swift; path = PlaylistSong.swift; sourceTree = "<group>"; };
		CEDB617D1A37AF9700B90B2D /* RootViewController.swift */ = {isa = PBXFileReference; fileEncoding = 4; lastKnownFileType = sourcecode.swift; path = RootViewController.swift; sourceTree = "<group>"; };
		CEDB61821A37B85D00B90B2D /* TabBarController.swift */ = {isa = PBXFileReference; fileEncoding = 4; lastKnownFileType = sourcecode.swift; path = TabBarController.swift; sourceTree = "<group>"; };
		CEDB61861A37BA2B00B90B2D /* NavBarController.swift */ = {isa = PBXFileReference; fileEncoding = 4; lastKnownFileType = sourcecode.swift; path = NavBarController.swift; sourceTree = "<group>"; };
		CEDB618C1A37C40000B90B2D /* LovedViewController.swift */ = {isa = PBXFileReference; fileEncoding = 4; lastKnownFileType = sourcecode.swift; path = LovedViewController.swift; sourceTree = "<group>"; };
		CEDB618D1A37C40000B90B2D /* LovedViewController.xib */ = {isa = PBXFileReference; fileEncoding = 4; lastKnownFileType = file.xib; path = LovedViewController.xib; sourceTree = "<group>"; };
		CEDB61921A37D21B00B90B2D /* SongsViewController.swift */ = {isa = PBXFileReference; fileEncoding = 4; lastKnownFileType = sourcecode.swift; path = SongsViewController.swift; sourceTree = "<group>"; };
		CEDB61931A37D21B00B90B2D /* SongsViewController.xib */ = {isa = PBXFileReference; fileEncoding = 4; lastKnownFileType = file.xib; path = SongsViewController.xib; sourceTree = "<group>"; };
		CEDB61E61A37DCE300B90B2D /* MoreViewController.swift */ = {isa = PBXFileReference; fileEncoding = 4; lastKnownFileType = sourcecode.swift; path = MoreViewController.swift; sourceTree = "<group>"; };
		CEDB61E81A37DCEE00B90B2D /* MoreViewController.xib */ = {isa = PBXFileReference; fileEncoding = 4; lastKnownFileType = file.xib; path = MoreViewController.xib; sourceTree = "<group>"; };
		CEDB61EA1A37DE5400B90B2D /* NowPlayingViewController.swift */ = {isa = PBXFileReference; fileEncoding = 4; lastKnownFileType = sourcecode.swift; path = NowPlayingViewController.swift; sourceTree = "<group>"; };
		CEDB61EC1A37DE6100B90B2D /* NowPlayingViewController.xib */ = {isa = PBXFileReference; fileEncoding = 4; lastKnownFileType = file.xib; path = NowPlayingViewController.xib; sourceTree = "<group>"; };
		CEE153441A3B41CD00BB16EB /* NowPlayingInfoViewController.swift */ = {isa = PBXFileReference; fileEncoding = 4; lastKnownFileType = sourcecode.swift; path = NowPlayingInfoViewController.swift; sourceTree = "<group>"; };
		CEE153461A3B41D900BB16EB /* NowPlayingInfoViewController.xib */ = {isa = PBXFileReference; fileEncoding = 4; lastKnownFileType = file.xib; path = NowPlayingInfoViewController.xib; sourceTree = "<group>"; };
		CEE1534D1A3B567C00BB16EB /* NowPlayingInfoLyricsCell.swift */ = {isa = PBXFileReference; fileEncoding = 4; lastKnownFileType = sourcecode.swift; path = NowPlayingInfoLyricsCell.swift; sourceTree = "<group>"; };
		CEE1534F1A3B568400BB16EB /* NowPlayingInfoLyricsCell.xib */ = {isa = PBXFileReference; fileEncoding = 4; lastKnownFileType = file.xib; path = NowPlayingInfoLyricsCell.xib; sourceTree = "<group>"; };
		CEE153511A3B5B4B00BB16EB /* HTMLNode.h */ = {isa = PBXFileReference; fileEncoding = 4; lastKnownFileType = sourcecode.c.h; path = HTMLNode.h; sourceTree = "<group>"; };
		CEE153521A3B5B4B00BB16EB /* HTMLNode.m */ = {isa = PBXFileReference; fileEncoding = 4; lastKnownFileType = sourcecode.c.objc; path = HTMLNode.m; sourceTree = "<group>"; };
		CEE153531A3B5B4B00BB16EB /* HTMLParser.h */ = {isa = PBXFileReference; fileEncoding = 4; lastKnownFileType = sourcecode.c.h; path = HTMLParser.h; sourceTree = "<group>"; };
		CEE153541A3B5B4B00BB16EB /* HTMLParser.m */ = {isa = PBXFileReference; fileEncoding = 4; lastKnownFileType = sourcecode.c.objc; path = HTMLParser.m; sourceTree = "<group>"; };
		CEF808281A8A94FF00B6D954 /* NSNumber+Helpers.swift */ = {isa = PBXFileReference; fileEncoding = 4; lastKnownFileType = sourcecode.swift; path = "NSNumber+Helpers.swift"; sourceTree = "<group>"; };
		CEF8082A1A8AAEB600B6D954 /* TopAlbumCell.swift */ = {isa = PBXFileReference; fileEncoding = 4; lastKnownFileType = sourcecode.swift; path = TopAlbumCell.swift; sourceTree = "<group>"; };
		CEF8082C1A8AAEC100B6D954 /* TopAlbumCell.xib */ = {isa = PBXFileReference; fileEncoding = 4; lastKnownFileType = file.xib; path = TopAlbumCell.xib; sourceTree = "<group>"; };
		CEFEB1C31A843A270070A28D /* SyncOverlayController.swift */ = {isa = PBXFileReference; fileEncoding = 4; lastKnownFileType = sourcecode.swift; path = SyncOverlayController.swift; sourceTree = "<group>"; };
		CEFEB1C51A843A5B0070A28D /* SyncOverlayController.xib */ = {isa = PBXFileReference; fileEncoding = 4; lastKnownFileType = file.xib; path = SyncOverlayController.xib; sourceTree = "<group>"; };
		CEFEB1C71A843DA00070A28D /* UIButton+Helpers.swift */ = {isa = PBXFileReference; fileEncoding = 4; lastKnownFileType = sourcecode.swift; path = "UIButton+Helpers.swift"; sourceTree = "<group>"; };
		DB8E352653F602E2D8336D2A /* Pods.release.xcconfig */ = {isa = PBXFileReference; includeInIndex = 1; lastKnownFileType = text.xcconfig; name = Pods.release.xcconfig; path = "Pods/Target Support Files/Pods/Pods.release.xcconfig"; sourceTree = "<group>"; };
/* End PBXFileReference section */

/* Begin PBXFrameworksBuildPhase section */
		CE444BAD1A36A25500153F77 /* Frameworks */ = {
			isa = PBXFrameworksBuildPhase;
			buildActionMask = 2147483647;
			files = (
				18FE78E2938CE235720BDF0D /* libPods.a in Frameworks */,
				CE9575881AA8B642002B444C /* FacebookSDK.framework in Frameworks */,
			);
			runOnlyForDeploymentPostprocessing = 0;
		};
		CE444BC21A36A25500153F77 /* Frameworks */ = {
			isa = PBXFrameworksBuildPhase;
			buildActionMask = 2147483647;
			files = (
			);
			runOnlyForDeploymentPostprocessing = 0;
		};
/* End PBXFrameworksBuildPhase section */

/* Begin PBXGroup section */
		017497E21AB5F9FC003EFF28 /* Search */ = {
			isa = PBXGroup;
			children = (
				01F9B1541AB5F62800D0513B /* SearchOverlayController.swift */,
				01F9B1561AB5F72C00D0513B /* SearchOverlayController.xib */,
				017497E31AB5FA11003EFF28 /* RecommendedSearchCell.swift */,
				017497E51AB5FA18003EFF28 /* RecommendedSearchCell.xib */,
			);
			name = Search;
			sourceTree = "<group>";
		};
		645DC876E38F9CCAA9D7D1A6 /* Pods */ = {
			isa = PBXGroup;
			children = (
				B5C84601BD2F3431F5F52BE9 /* Pods.debug.xcconfig */,
				DB8E352653F602E2D8336D2A /* Pods.release.xcconfig */,
			);
			name = Pods;
			sourceTree = "<group>";
		};
		B66FEEBAE05911F3D2B14F8A /* Frameworks */ = {
			isa = PBXGroup;
			children = (
				CE9575871AA8B642002B444C /* FacebookSDK.framework */,
				CE7D812D1A51C71A001C1035 /* libsqlite3.dylib */,
				CE7D812B1A51C712001C1035 /* libz.dylib */,
				CE7D81291A51C70B001C1035 /* StoreKit.framework */,
				CE7D81271A51C6FF001C1035 /* Security.framework */,
				CE7D81251A51C6EA001C1035 /* MobileCoreServices.framework */,
				CE7D81231A51C6E2001C1035 /* CoreLocation.framework */,
				CE7D81211A51C6D4001C1035 /* AudioToolbox.framework */,
				CC5E238686D44A286C24637D /* libPods.a */,
			);
			name = Frameworks;
			sourceTree = "<group>";
		};
		CE3038E21A3E0A9F00DCC5EB /* LastFm */ = {
			isa = PBXGroup;
			children = (
				CE3038DB1A3E067500DCC5EB /* LastFmArtistInfoRequest.swift */,
				CE9211321A89280700758227 /* LastFmTopAlbumsRequest.swift */,
				CE9211301A8927FC00758227 /* LastFmTopTracksRequest.swift */,
				CECCC1131A41135B00799854 /* LastFmAlbumBuyLinksRequest.swift */,
				CE9745401A3E548F00A65633 /* LastFmSimiliarArtistsRequest.swift */,
				CECCC10C1A40ED1200799854 /* LastFmArtistEventsRequest.swift */,
				CECCC1111A41134900799854 /* LastFmTrackBuyLinksRequest.swift */,
				CE9745421A3E556900A65633 /* LastFmRequest.swift */,
				CE3038EC1A3E0C4F00DCC5EB /* LastFmArtist.h */,
				CE3038ED1A3E0C4F00DCC5EB /* LastFmArtist.m */,
				CE3038EF1A3E0DEF00DCC5EB /* LastFmSimiliarArtist.h */,
				CE3038F01A3E0DEF00DCC5EB /* LastFmSimiliarArtist.m */,
				CECCC10E1A40F46300799854 /* LastFmEvent.h */,
				CECCC10F1A40F46300799854 /* LastFmEvent.m */,
				CECCC1151A41168E00799854 /* LastFmBuyLink.h */,
				CECCC1161A41168E00799854 /* LastFmBuyLink.m */,
				CE9211371A892FBE00758227 /* LastFmTrack.h */,
				CE9211381A892FBE00758227 /* LastFmTrack.m */,
				CE9211341A8929CC00758227 /* LastFmAlbum.h */,
				CE9211351A8929CC00758227 /* LastFmAlbum.m */,
			);
			name = LastFm;
			sourceTree = "<group>";
		};
		CE4184C31A4922900011C0DA /* Base.lproj */ = {
			isa = PBXGroup;
			children = (
				CE4184C41A4922900011C0DA /* LaunchScreen.xib */,
				CE4184C61A4922900011C0DA /* Main.storyboard */,
			);
			path = Base.lproj;
			sourceTree = "<group>";
		};
		CE444BA71A36A25500153F77 = {
			isa = PBXGroup;
			children = (
				CE444BB21A36A25500153F77 /* Muz */,
				CE444BC81A36A25500153F77 /* MuzTests */,
				CE444BB11A36A25500153F77 /* Products */,
				645DC876E38F9CCAA9D7D1A6 /* Pods */,
				B66FEEBAE05911F3D2B14F8A /* Frameworks */,
			);
			sourceTree = "<group>";
		};
		CE444BB11A36A25500153F77 /* Products */ = {
			isa = PBXGroup;
			children = (
				CE444BB01A36A25500153F77 /* Muz.app */,
				CE444BC51A36A25500153F77 /* MuzTests.xctest */,
			);
			name = Products;
			sourceTree = "<group>";
		};
		CE444BB21A36A25500153F77 /* Muz */ = {
			isa = PBXGroup;
			children = (
				CE444BB51A36A25500153F77 /* AppDelegate.swift */,
				CEB200CF1A378B6300E857D8 /* Muz-Bridging-Header.h */,
				CE4931EB1A3A1B4400B3A4BE /* Application */,
				CEDB61811A37B1D300B90B2D /* Resources */,
				CE4931E91A3A1B2100B3A4BE /* Data */,
				CE4931EA1A3A1B3700B3A4BE /* Library */,
				CE444BBE1A36A25500153F77 /* LaunchScreen.xib */,
				CE444BB31A36A25500153F77 /* Supporting Files */,
			);
			path = Muz;
			sourceTree = "<group>";
		};
		CE444BB31A36A25500153F77 /* Supporting Files */ = {
			isa = PBXGroup;
			children = (
				CE444BB41A36A25500153F77 /* Info.plist */,
			);
			name = "Supporting Files";
			sourceTree = "<group>";
		};
		CE444BC81A36A25500153F77 /* MuzTests */ = {
			isa = PBXGroup;
			children = (
				CE444BCB1A36A25500153F77 /* MuzTests.swift */,
				CE444BC91A36A25500153F77 /* Supporting Files */,
			);
			path = MuzTests;
			sourceTree = "<group>";
		};
		CE444BC91A36A25500153F77 /* Supporting Files */ = {
			isa = PBXGroup;
			children = (
				CE444BCA1A36A25500153F77 /* Info.plist */,
			);
			name = "Supporting Files";
			sourceTree = "<group>";
		};
		CE4931E71A3A1B0300B3A4BE /* Artists */ = {
			isa = PBXGroup;
			children = (
				CE444BD91A36A27200153F77 /* ArtistCell.swift */,
				CE444BDA1A36A27200153F77 /* ArtistCell.xib */,
				CE33385A1A3A0A7300281146 /* ArtistsHeader.swift */,
				CE3338601A3A0ADB00281146 /* ArtistsHeader.xib */,
				CE444BD71A36A27200153F77 /* ArtistsViewController.swift */,
				CEB200D31A379C7000E857D8 /* ArtistsViewController.xib */,
			);
			name = Artists;
			sourceTree = "<group>";
		};
		CE4931E81A3A1B1A00B3A4BE /* Songs */ = {
			isa = PBXGroup;
			children = (
				CEDB61921A37D21B00B90B2D /* SongsViewController.swift */,
				CEDB61931A37D21B00B90B2D /* SongsViewController.xib */,
				CE33385C1A3A0A7D00281146 /* SongsHeader.swift */,
				CE33385E1A3A0AD100281146 /* SongsHeader.xib */,
				CEC66D9C1A38DA2400560754 /* SongCell.swift */,
				CEC66DA01A38DB9300560754 /* SongCell.xib */,
				CEF8082A1A8AAEB600B6D954 /* TopAlbumCell.swift */,
				CEF8082C1A8AAEC100B6D954 /* TopAlbumCell.xib */,
			);
			name = Songs;
			sourceTree = "<group>";
		};
		CE4931E91A3A1B2100B3A4BE /* Data */ = {
			isa = PBXGroup;
			children = (
				CEF808281A8A94FF00B6D954 /* NSNumber+Helpers.swift */,
				01F9B1521AB5EB9C00D0513B /* Muz+ItunesSearch.swift */,
				CE4184D71A49E8330011C0DA /* SettingsManager.swift */,
				CEBB56141A3B951C00AE8CAA /* NSString+Lyrics.h */,
				CEBB56151A3B951C00AE8CAA /* NSString+Lyrics.m */,
				CEBC1EF71A81781E000AF2F1 /* NSString+Helpers.swift */,
				CE444BE11A36A28700153F77 /* DataManager.swift */,
				CE444BE21A36A28700153F77 /* Datastore.swift */,
				CE444BE31A36A28700153F77 /* MediaSession.swift */,
				CE9BBDB91A36A87B00878C09 /* Muz.xcdatamodeld */,
				CED89F781A8D770400D40DB4 /* PlaylistSong.swift */,
				CED89F721A8D765700D40DB4 /* Playlist.swift */,
				CE167DA41A855E6900A9EC1A /* Song.swift */,
				CE167DA21A855E6800A9EC1A /* Album.swift */,
				CE167D9F1A855A7700A9EC1A /* Artist.swift */,
				CEBC1EEF1A813BB4000AF2F1 /* Artist+Helpers.swift */,
				CEBC1EF11A813C19000AF2F1 /* Album+Helpers.swift */,
				CEB524E21A3B766000027C71 /* LyricsRequest.swift */,
				CE4184DD1A4A49630011C0DA /* WebRequest.swift */,
				CECCC0D41A3FB64800799854 /* Playlist+Helpers.swift */,
				CECCC0D61A3FB65700799854 /* PlaylistSong+Helpers.swift */,
				CE444BE01A36A28700153F77 /* Song+Helpers.swift */,
				CE3038E21A3E0A9F00DCC5EB /* LastFm */,
			);
			name = Data;
			sourceTree = "<group>";
		};
		CE4931EA1A3A1B3700B3A4BE /* Library */ = {
			isa = PBXGroup;
			children = (
				CE9575891AA8BF0B002B444C /* iTunesSearch */,
				CEE153511A3B5B4B00BB16EB /* HTMLNode.h */,
				CEE153521A3B5B4B00BB16EB /* HTMLNode.m */,
				CEE153531A3B5B4B00BB16EB /* HTMLParser.h */,
				CEE153541A3B5B4B00BB16EB /* HTMLParser.m */,
				CEB200D01A378B6400E857D8 /* UIImage+ImageEffects.h */,
				CEB200D11A378B6400E857D8 /* UIImage+ImageEffects.m */,
				CECCC1261A412AB400799854 /* MuzButton.swift */,
			);
			name = Library;
			sourceTree = "<group>";
		};
		CE4931EB1A3A1B4400B3A4BE /* Application */ = {
			isa = PBXGroup;
			children = (
				017497E21AB5F9FC003EFF28 /* Search */,
				CE9BCFE91A45E22400522F18 /* LastFm */,
				CE3126161A50DA480071AD27 /* NoMusicOverlayController.swift */,
				CE3126181A50DA500071AD27 /* NoMusicOverlayController.xib */,
				CEDB618C1A37C40000B90B2D /* LovedViewController.swift */,
				CEDB618D1A37C40000B90B2D /* LovedViewController.xib */,
				CEDB61861A37BA2B00B90B2D /* NavBarController.swift */,
				CEDB61821A37B85D00B90B2D /* TabBarController.swift */,
				CEDB617D1A37AF9700B90B2D /* RootViewController.swift */,
				CE9BCFD21A44E68300522F18 /* OverlayController.swift */,
				CE31261C1A50E77A0071AD27 /* TutorialController.xib */,
				CE31261E1A50E7870071AD27 /* TutorialController.swift */,
				CEDB61E61A37DCE300B90B2D /* MoreViewController.swift */,
				CEDB61E81A37DCEE00B90B2D /* MoreViewController.xib */,
				CEBC1EF51A816D7B000AF2F1 /* UIImageView+Helpers.swift */,
				CEFEB1C71A843DA00070A28D /* UIButton+Helpers.swift */,
				CEFEB1C31A843A270070A28D /* SyncOverlayController.swift */,
				CEFEB1C51A843A5B0070A28D /* SyncOverlayController.xib */,
				CE9211281A8926DF00758227 /* TopTracksViewController.swift */,
				CE92112C1A89270800758227 /* TopTracksViewController.xib */,
				CE92112A1A8926E900758227 /* TopAlbumsViewController.swift */,
				CE92112E1A89271000758227 /* TopAlbumsViewController.xib */,
				CEA4A13E1A867678003FDF0D /* HomeViewController.swift */,
				CEA4A1401A8676B0003FDF0D /* HomeViewController.xib */,
				CE9BCFD41A44E98100522F18 /* Playlists */,
				CE4931ED1A3A1B8700B3A4BE /* NowPlaying */,
				CE4931EC1A3A1B7A00B3A4BE /* ArtistAlbums */,
				CE4931E81A3A1B1A00B3A4BE /* Songs */,
				CE4931E71A3A1B0300B3A4BE /* Artists */,
			);
			name = Application;
			sourceTree = "<group>";
		};
		CE4931EC1A3A1B7A00B3A4BE /* ArtistAlbums */ = {
			isa = PBXGroup;
			children = (
				CE6EF4FF1A38F07D001FE858 /* ArtistAlbumsViewController.swift */,
				CE6EF5011A38F08C001FE858 /* ArtistAlbumsViewController.xib */,
				CE3338281A39D7EB00281146 /* ArtistAlbumsSongCell.swift */,
				CE3338261A39D7E400281146 /* ArtistAlbumsSongCell.xib */,
				CE3338201A393B6C00281146 /* ArtistAlbumHeader.swift */,
				CE3338221A393BA900281146 /* ArtistAlbumHeader.xib */,
			);
			name = ArtistAlbums;
			sourceTree = "<group>";
		};
		CE4931ED1A3A1B8700B3A4BE /* NowPlaying */ = {
			isa = PBXGroup;
			children = (
				CEDB61EA1A37DE5400B90B2D /* NowPlayingViewController.swift */,
				CEDB61EC1A37DE6100B90B2D /* NowPlayingViewController.xib */,
				CE49F35F1A3A83C8008DE25E /* NowPlayingPageController.swift */,
				CEE153441A3B41CD00BB16EB /* NowPlayingInfoViewController.swift */,
				CEE153461A3B41D900BB16EB /* NowPlayingInfoViewController.xib */,
				CE9BCFAD1A43C77300522F18 /* NowPlayingCollectionController.xib */,
				CE9BCFAF1A43C77D00522F18 /* NowPlayingCollectionController.swift */,
				011AF3B81A880C5300E298DD /* NowPlayingTableViewCell.swift */,
				011AF3BA1A880C5C00E298DD /* NowPlayingTableViewCell.xib */,
			);
			name = NowPlaying;
			sourceTree = "<group>";
		};
		CE9575891AA8BF0B002B444C /* iTunesSearch */ = {
			isa = PBXGroup;
			children = (
				CE95758A1AA8BF0B002B444C /* ItunesSearch.h */,
				CE95758B1AA8BF0B002B444C /* ItunesSearch.m */,
			);
			path = iTunesSearch;
			sourceTree = "<group>";
		};
		CE9BCFD41A44E98100522F18 /* Playlists */ = {
			isa = PBXGroup;
			children = (
				CECCC0EA1A40941400799854 /* PlaylistCell.swift */,
				CECCC0EB1A40941400799854 /* PlaylistCell.xib */,
				CE9BCFCE1A44C39800522F18 /* CreatePlaylistOverlay.swift */,
				CE9BCFD01A44C3BA00522F18 /* CreatePlaylistOverlay.xib */,
				CECCC1081A40CC2700799854 /* PlaylistSongsViewController.swift */,
				CECCC1091A40CC2700799854 /* PlaylistSongsViewController.xib */,
				CECCC0B81A3F8E4700799854 /* PlaylistsViewController.swift */,
				CECCC0BA1A3F8E7400799854 /* PlaylistsViewController.xib */,
				CE9BCFD51A44EB4C00522F18 /* CreatePlaylistCell.swift */,
				CE9BCFD71A44EB5700522F18 /* CreatePlaylistCell.xib */,
			);
			name = Playlists;
			sourceTree = "<group>";
		};
		CE9BCFE91A45E22400522F18 /* LastFm */ = {
			isa = PBXGroup;
			children = (
				CEAA2A9A1AA7D0DC00DDCD23 /* LastFmLoginCell.swift */,
				CEAA2A9E1AA7D0FB00DDCD23 /* LastFmLoginCell.xib */,
				CEAA2A961AA7CF2E00DDCD23 /* LastFmLoginOverlayController.swift */,
				CEAA2A981AA7CF5C00DDCD23 /* LastFmLoginOverlayController.xib */,
				CECCC1181A4127D400799854 /* LastFmBuyLinksViewController.swift */,
				CE2BD11E1A59F2670077D3FD /* MoreLastFmSettingCell.swift */,
				CE2BD1201A59F2710077D3FD /* MoreLastFmSettingCell.xib */,
				CE9BCFEA1A45E2CB00522F18 /* LastFmEventInfoDetailsCell.swift */,
				CE9BCFEC1A45E2D700522F18 /* LastFmEventInfoDetailsCell.xib */,
				CE9BCFE51A45E21900522F18 /* LastFmEventInfoController.xib */,
				CE9BCFE61A45E21900522F18 /* LastFmEventInfoController.swift */,
				CE95D9BE1A3DFB860060752A /* LastFmArtistInfoCell.xib */,
				CE95D9BC1A3DFB730060752A /* LastFmArtistInfoCell.swift */,
				CE9BCFE31A45D56500522F18 /* LastFmCell.swift */,
				CE9BCFDF1A45D2CD00522F18 /* LastFmEventInfoCell.swift */,
				CE9BCFE01A45D2CD00522F18 /* LastFmEventInfoCell.xib */,
				CE9BCFDB1A45D18F00522F18 /* LastFmEventCell.swift */,
				CE9BCFDC1A45D18F00522F18 /* LastFmEventCell.xib */,
				CE4184D91A4A3CC30011C0DA /* LastFmEventMapController.swift */,
				CE4184DB1A4A3CCB0011C0DA /* LastFmEventMapController.xib */,
				CEE1534D1A3B567C00BB16EB /* NowPlayingInfoLyricsCell.swift */,
				CEE1534F1A3B568400BB16EB /* NowPlayingInfoLyricsCell.xib */,
				CE5E31A91A86A40100969647 /* LastFmSimilarArtistTableCell.xib */,
				CE5E31A71A86A3CC00969647 /* LastFmSimilarArtistTableCell.swift */,
				CE3038D71A3E033100DCC5EB /* SimiliarArtistCollectionViewCell.xib */,
				CE3038D91A3E037700DCC5EB /* SimiliarArtistCollectionViewCell.swift */,
			);
			name = LastFm;
			sourceTree = "<group>";
		};
		CEDB61811A37B1D300B90B2D /* Resources */ = {
			isa = PBXGroup;
			children = (
				CEA4A13C1A8665EA003FDF0D /* random.jpg */,
				CE3126261A50E9280071AD27 /* ShadowsIntoLight.ttf */,
				CE444BB91A36A25500153F77 /* Main.storyboard */,
				CE4184C31A4922900011C0DA /* Base.lproj */,
				CE4184CC1A4922900011C0DA /* Muz.xcdatamodeld */,
				CE3D298D1A4F88EA000CCC90 /* Images.xcassets */,
			);
			name = Resources;
			sourceTree = "<group>";
		};
/* End PBXGroup section */

/* Begin PBXNativeTarget section */
		CE444BAF1A36A25500153F77 /* Muz */ = {
			isa = PBXNativeTarget;
			buildConfigurationList = CE444BCF1A36A25500153F77 /* Build configuration list for PBXNativeTarget "Muz" */;
			buildPhases = (
				03859290388A11A878ED8C07 /* Check Pods Manifest.lock */,
				CE444BAC1A36A25500153F77 /* Sources */,
				CE444BAD1A36A25500153F77 /* Frameworks */,
				CE444BAE1A36A25500153F77 /* Resources */,
				94664FFDA55135CA7F84611A /* Copy Pods Resources */,
			);
			buildRules = (
			);
			dependencies = (
			);
			name = Muz;
			productName = Muz;
			productReference = CE444BB01A36A25500153F77 /* Muz.app */;
			productType = "com.apple.product-type.application";
		};
		CE444BC41A36A25500153F77 /* MuzTests */ = {
			isa = PBXNativeTarget;
			buildConfigurationList = CE444BD21A36A25500153F77 /* Build configuration list for PBXNativeTarget "MuzTests" */;
			buildPhases = (
				CE444BC11A36A25500153F77 /* Sources */,
				CE444BC21A36A25500153F77 /* Frameworks */,
				CE444BC31A36A25500153F77 /* Resources */,
			);
			buildRules = (
			);
			dependencies = (
				CE444BC71A36A25500153F77 /* PBXTargetDependency */,
			);
			name = MuzTests;
			productName = MuzTests;
			productReference = CE444BC51A36A25500153F77 /* MuzTests.xctest */;
			productType = "com.apple.product-type.bundle.unit-test";
		};
/* End PBXNativeTarget section */

/* Begin PBXProject section */
		CE444BA81A36A25500153F77 /* Project object */ = {
			isa = PBXProject;
			attributes = {
				LastUpgradeCheck = 0610;
				ORGANIZATIONNAME = "Nytek Productions";
				TargetAttributes = {
					CE444BAF1A36A25500153F77 = {
						CreatedOnToolsVersion = 6.1.1;
						DevelopmentTeam = 6Q4UNB2LAJ;
						SystemCapabilities = {
							com.apple.BackgroundModes = {
								enabled = 0;
							};
						};
					};
					CE444BC41A36A25500153F77 = {
						CreatedOnToolsVersion = 6.1.1;
						TestTargetID = CE444BAF1A36A25500153F77;
					};
				};
			};
			buildConfigurationList = CE444BAB1A36A25500153F77 /* Build configuration list for PBXProject "Muz" */;
			compatibilityVersion = "Xcode 3.2";
			developmentRegion = English;
			hasScannedForEncodings = 0;
			knownRegions = (
				en,
				Base,
			);
			mainGroup = CE444BA71A36A25500153F77;
			productRefGroup = CE444BB11A36A25500153F77 /* Products */;
			projectDirPath = "";
			projectRoot = "";
			targets = (
				CE444BAF1A36A25500153F77 /* Muz */,
				CE444BC41A36A25500153F77 /* MuzTests */,
			);
		};
/* End PBXProject section */

/* Begin PBXResourcesBuildPhase section */
		CE444BAE1A36A25500153F77 /* Resources */ = {
			isa = PBXResourcesBuildPhase;
			buildActionMask = 2147483647;
			files = (
				CEDB61E91A37DCEE00B90B2D /* MoreViewController.xib in Resources */,
				CE3338231A393BA900281146 /* ArtistAlbumHeader.xib in Resources */,
				CE444BDE1A36A27200153F77 /* ArtistCell.xib in Resources */,
				CE92112D1A89270800758227 /* TopTracksViewController.xib in Resources */,
				CE95D9BF1A3DFB860060752A /* LastFmArtistInfoCell.xib in Resources */,
				CE3038D81A3E033100DCC5EB /* SimiliarArtistCollectionViewCell.xib in Resources */,
				CE444BBB1A36A25500153F77 /* Main.storyboard in Resources */,
				CE9BCFAE1A43C77300522F18 /* NowPlayingCollectionController.xib in Resources */,
				CEA4A1411A8676B0003FDF0D /* HomeViewController.xib in Resources */,
				CE4184DC1A4A3CCB0011C0DA /* LastFmEventMapController.xib in Resources */,
				011AF3BB1A880C5C00E298DD /* NowPlayingTableViewCell.xib in Resources */,
				CE4184CE1A4922900011C0DA /* LaunchScreen.xib in Resources */,
				CEDB61951A37D21B00B90B2D /* SongsViewController.xib in Resources */,
				CEFEB1C61A843A5B0070A28D /* SyncOverlayController.xib in Resources */,
				CEAA2A9F1AA7D0FB00DDCD23 /* LastFmLoginCell.xib in Resources */,
				CE2BD1211A59F2710077D3FD /* MoreLastFmSettingCell.xib in Resources */,
				CE3338611A3A0ADB00281146 /* ArtistsHeader.xib in Resources */,
				CECCC0BB1A3F8E7400799854 /* PlaylistsViewController.xib in Resources */,
				CE92112F1A89271000758227 /* TopAlbumsViewController.xib in Resources */,
				CECCC0ED1A40941400799854 /* PlaylistCell.xib in Resources */,
				CEA4A13D1A8665EA003FDF0D /* random.jpg in Resources */,
				CE5E31AA1A86A40100969647 /* LastFmSimilarArtistTableCell.xib in Resources */,
				CE9BCFE71A45E21900522F18 /* LastFmEventInfoController.xib in Resources */,
				CE9BCFD11A44C3BA00522F18 /* CreatePlaylistOverlay.xib in Resources */,
				CEE153471A3B41D900BB16EB /* NowPlayingInfoViewController.xib in Resources */,
				CEAA2A991AA7CF5C00DDCD23 /* LastFmLoginOverlayController.xib in Resources */,
				CE31261D1A50E77A0071AD27 /* TutorialController.xib in Resources */,
				CEC66DA11A38DB9300560754 /* SongCell.xib in Resources */,
				CEE153501A3B568400BB16EB /* NowPlayingInfoLyricsCell.xib in Resources */,
				CEB200D41A379C7000E857D8 /* ArtistsViewController.xib in Resources */,
				CE3338271A39D7E400281146 /* ArtistAlbumsSongCell.xib in Resources */,
				CE3D298E1A4F88EA000CCC90 /* Images.xcassets in Resources */,
				CE6EF5021A38F08C001FE858 /* ArtistAlbumsViewController.xib in Resources */,
				CE3126191A50DA500071AD27 /* NoMusicOverlayController.xib in Resources */,
				CEDB61ED1A37DE6100B90B2D /* NowPlayingViewController.xib in Resources */,
				017497E61AB5FA18003EFF28 /* RecommendedSearchCell.xib in Resources */,
				CECCC10B1A40CC2700799854 /* PlaylistSongsViewController.xib in Resources */,
				01F9B1571AB5F72C00D0513B /* SearchOverlayController.xib in Resources */,
				CE3126271A50E9280071AD27 /* ShadowsIntoLight.ttf in Resources */,
				CE33385F1A3A0AD100281146 /* SongsHeader.xib in Resources */,
				CEF8082D1A8AAEC100B6D954 /* TopAlbumCell.xib in Resources */,
				CE444BC01A36A25500153F77 /* LaunchScreen.xib in Resources */,
				CE4184CF1A4922900011C0DA /* Main.storyboard in Resources */,
				CE9BCFED1A45E2D700522F18 /* LastFmEventInfoDetailsCell.xib in Resources */,
				CEDB618F1A37C40000B90B2D /* LovedViewController.xib in Resources */,
				CE9BCFDE1A45D18F00522F18 /* LastFmEventCell.xib in Resources */,
				CE9BCFD81A44EB5700522F18 /* CreatePlaylistCell.xib in Resources */,
				CE9BCFE21A45D2CD00522F18 /* LastFmEventInfoCell.xib in Resources */,
			);
			runOnlyForDeploymentPostprocessing = 0;
		};
		CE444BC31A36A25500153F77 /* Resources */ = {
			isa = PBXResourcesBuildPhase;
			buildActionMask = 2147483647;
			files = (
			);
			runOnlyForDeploymentPostprocessing = 0;
		};
/* End PBXResourcesBuildPhase section */

/* Begin PBXShellScriptBuildPhase section */
		03859290388A11A878ED8C07 /* Check Pods Manifest.lock */ = {
			isa = PBXShellScriptBuildPhase;
			buildActionMask = 2147483647;
			files = (
			);
			inputPaths = (
			);
			name = "Check Pods Manifest.lock";
			outputPaths = (
			);
			runOnlyForDeploymentPostprocessing = 0;
			shellPath = /bin/sh;
			shellScript = "diff \"${PODS_ROOT}/../Podfile.lock\" \"${PODS_ROOT}/Manifest.lock\" > /dev/null\nif [[ $? != 0 ]] ; then\n    cat << EOM\nerror: The sandbox is not in sync with the Podfile.lock. Run 'pod install' or update your CocoaPods installation.\nEOM\n    exit 1\nfi\n";
			showEnvVarsInLog = 0;
		};
		94664FFDA55135CA7F84611A /* Copy Pods Resources */ = {
			isa = PBXShellScriptBuildPhase;
			buildActionMask = 2147483647;
			files = (
			);
			inputPaths = (
			);
			name = "Copy Pods Resources";
			outputPaths = (
			);
			runOnlyForDeploymentPostprocessing = 0;
			shellPath = /bin/sh;
			shellScript = "\"${SRCROOT}/Pods/Target Support Files/Pods/Pods-resources.sh\"\n";
			showEnvVarsInLog = 0;
		};
/* End PBXShellScriptBuildPhase section */

/* Begin PBXSourcesBuildPhase section */
		CE444BAC1A36A25500153F77 /* Sources */ = {
			isa = PBXSourcesBuildPhase;
			buildActionMask = 2147483647;
			files = (
				CEDB61831A37B85D00B90B2D /* TabBarController.swift in Sources */,
				CE444BE61A36A28700153F77 /* DataManager.swift in Sources */,
				01F9B1531AB5EB9C00D0513B /* Muz+ItunesSearch.swift in Sources */,
				CECCC1121A41134900799854 /* LastFmTrackBuyLinksRequest.swift in Sources */,
				CECCC1171A41168E00799854 /* LastFmBuyLink.m in Sources */,
				CE4184DA1A4A3CC30011C0DA /* LastFmEventMapController.swift in Sources */,
				CEBC1EF21A813C19000AF2F1 /* Album+Helpers.swift in Sources */,
				CECCC10A1A40CC2700799854 /* PlaylistSongsViewController.swift in Sources */,
				CE9BCFDD1A45D18F00522F18 /* LastFmEventCell.swift in Sources */,
				011AF3B91A880C5300E298DD /* NowPlayingTableViewCell.swift in Sources */,
				CEBC1EF61A816D7B000AF2F1 /* UIImageView+Helpers.swift in Sources */,
				CEDB61871A37BA2B00B90B2D /* NavBarController.swift in Sources */,
				CECCC1271A412AB400799854 /* MuzButton.swift in Sources */,
				CEDB617E1A37AF9700B90B2D /* RootViewController.swift in Sources */,
				CEBB56161A3B951D00AE8CAA /* NSString+Lyrics.m in Sources */,
				CE95758C1AA8BF0B002B444C /* ItunesSearch.m in Sources */,
				CEE153561A3B5B4B00BB16EB /* HTMLParser.m in Sources */,
				CE9BCFEB1A45E2CB00522F18 /* LastFmEventInfoDetailsCell.swift in Sources */,
				CECCC0D51A3FB64800799854 /* Playlist+Helpers.swift in Sources */,
				CE9BBDBB1A36A87B00878C09 /* Muz.xcdatamodeld in Sources */,
				CE6EF5001A38F07D001FE858 /* ArtistAlbumsViewController.swift in Sources */,
				CE3338291A39D7EB00281146 /* ArtistAlbumsSongCell.swift in Sources */,
				CE4184D81A49E8330011C0DA /* SettingsManager.swift in Sources */,
				CEFEB1C81A843DA00070A28D /* UIButton+Helpers.swift in Sources */,
				CED89F791A8D770400D40DB4 /* PlaylistSong.swift in Sources */,
				CE9211331A89280700758227 /* LastFmTopAlbumsRequest.swift in Sources */,
				CEFEB1C41A843A270070A28D /* SyncOverlayController.swift in Sources */,
				CECCC1101A40F46300799854 /* LastFmEvent.m in Sources */,
				CE3038EE1A3E0C4F00DCC5EB /* LastFmArtist.m in Sources */,
				CEE153451A3B41CD00BB16EB /* NowPlayingInfoViewController.swift in Sources */,
				CEDB61E71A37DCE300B90B2D /* MoreViewController.swift in Sources */,
				CE95D9BD1A3DFB730060752A /* LastFmArtistInfoCell.swift in Sources */,
				CE9BCFE41A45D56500522F18 /* LastFmCell.swift in Sources */,
				01F9B1551AB5F62800D0513B /* SearchOverlayController.swift in Sources */,
				CECCC10D1A40ED1200799854 /* LastFmArtistEventsRequest.swift in Sources */,
				CE9BCFE11A45D2CD00522F18 /* LastFmEventInfoCell.swift in Sources */,
				CE9BCFCF1A44C39800522F18 /* CreatePlaylistOverlay.swift in Sources */,
				CE92112B1A8926E900758227 /* TopAlbumsViewController.swift in Sources */,
				CEB200D21A378B6400E857D8 /* UIImage+ImageEffects.m in Sources */,
				CE9211291A8926DF00758227 /* TopTracksViewController.swift in Sources */,
				CE9211311A8927FC00758227 /* LastFmTopTracksRequest.swift in Sources */,
				CE33385D1A3A0A7D00281146 /* SongsHeader.swift in Sources */,
				CE9745431A3E556900A65633 /* LastFmRequest.swift in Sources */,
				CE3038DC1A3E067500DCC5EB /* LastFmArtistInfoRequest.swift in Sources */,
				CEC66D8C1A37EFA700560754 /* ArtistCell.swift in Sources */,
				CECCC1191A4127D400799854 /* LastFmBuyLinksViewController.swift in Sources */,
				CEF808291A8A94FF00B6D954 /* NSNumber+Helpers.swift in Sources */,
				CEDB618E1A37C40000B90B2D /* LovedViewController.swift in Sources */,
				CEA4A13F1A867678003FDF0D /* HomeViewController.swift in Sources */,
				CEE153551A3B5B4B00BB16EB /* HTMLNode.m in Sources */,
				CEAA2A971AA7CF2E00DDCD23 /* LastFmLoginOverlayController.swift in Sources */,
				CE9211391A892FBE00758227 /* LastFmTrack.m in Sources */,
				CEBC1EF81A81781E000AF2F1 /* NSString+Helpers.swift in Sources */,
				CEDB61EB1A37DE5400B90B2D /* NowPlayingViewController.swift in Sources */,
				CEB524E31A3B766000027C71 /* LyricsRequest.swift in Sources */,
				CE3038F11A3E0DEF00DCC5EB /* LastFmSimiliarArtist.m in Sources */,
				CECCC1141A41135B00799854 /* LastFmAlbumBuyLinksRequest.swift in Sources */,
				CE9BCFE81A45E21900522F18 /* LastFmEventInfoController.swift in Sources */,
				CECCC0EC1A40941400799854 /* PlaylistCell.swift in Sources */,
				CE9BCFB01A43C77D00522F18 /* NowPlayingCollectionController.swift in Sources */,
				CE4184DE1A4A49630011C0DA /* WebRequest.swift in Sources */,
				CE31261F1A50E7870071AD27 /* TutorialController.swift in Sources */,
				CE444BB61A36A25500153F77 /* AppDelegate.swift in Sources */,
				CE167DA51A855E6900A9EC1A /* Song.swift in Sources */,
				CECCC0D71A3FB65700799854 /* PlaylistSong+Helpers.swift in Sources */,
				CEC66D9E1A38DA2400560754 /* SongCell.swift in Sources */,
				CEBC1EF01A813BB4000AF2F1 /* Artist+Helpers.swift in Sources */,
				CE444BE71A36A28700153F77 /* Datastore.swift in Sources */,
				CE3338211A393B6C00281146 /* ArtistAlbumHeader.swift in Sources */,
				CED89F731A8D765700D40DB4 /* Playlist.swift in Sources */,
				CE444BE81A36A28700153F77 /* MediaSession.swift in Sources */,
				CE49F3601A3A83C8008DE25E /* NowPlayingPageController.swift in Sources */,
				CE167DA31A855E6800A9EC1A /* Album.swift in Sources */,
				CEDB61941A37D21B00B90B2D /* SongsViewController.swift in Sources */,
				CE9BCFD31A44E68300522F18 /* OverlayController.swift in Sources */,
				CECCC0B91A3F8E4700799854 /* PlaylistsViewController.swift in Sources */,
				CE444BDB1A36A27200153F77 /* ArtistsViewController.swift in Sources */,
				CEAA2A9B1AA7D0DC00DDCD23 /* LastFmLoginCell.swift in Sources */,
				CE5E31A81A86A3CC00969647 /* LastFmSimilarArtistTableCell.swift in Sources */,
				017497E41AB5FA11003EFF28 /* RecommendedSearchCell.swift in Sources */,
				CE3126171A50DA480071AD27 /* NoMusicOverlayController.swift in Sources */,
				CE9BCFD61A44EB4C00522F18 /* CreatePlaylistCell.swift in Sources */,
				CE3038DA1A3E037700DCC5EB /* SimiliarArtistCollectionViewCell.swift in Sources */,
				CE9745411A3E548F00A65633 /* LastFmSimiliarArtistsRequest.swift in Sources */,
				CE9211361A8929CC00758227 /* LastFmAlbum.m in Sources */,
				CE167DA01A855A7700A9EC1A /* Artist.swift in Sources */,
				CE4184D41A4922900011C0DA /* Muz.xcdatamodeld in Sources */,
				CE2BD11F1A59F2670077D3FD /* MoreLastFmSettingCell.swift in Sources */,
				CEE1534E1A3B567C00BB16EB /* NowPlayingInfoLyricsCell.swift in Sources */,
				CEF8082B1A8AAEB600B6D954 /* TopAlbumCell.swift in Sources */,
				CE33385B1A3A0A7300281146 /* ArtistsHeader.swift in Sources */,
				CE444BE51A36A28700153F77 /* Song+Helpers.swift in Sources */,
			);
			runOnlyForDeploymentPostprocessing = 0;
		};
		CE444BC11A36A25500153F77 /* Sources */ = {
			isa = PBXSourcesBuildPhase;
			buildActionMask = 2147483647;
			files = (
				CE444BCC1A36A25500153F77 /* MuzTests.swift in Sources */,
			);
			runOnlyForDeploymentPostprocessing = 0;
		};
/* End PBXSourcesBuildPhase section */

/* Begin PBXTargetDependency section */
		CE444BC71A36A25500153F77 /* PBXTargetDependency */ = {
			isa = PBXTargetDependency;
			target = CE444BAF1A36A25500153F77 /* Muz */;
			targetProxy = CE444BC61A36A25500153F77 /* PBXContainerItemProxy */;
		};
/* End PBXTargetDependency section */

/* Begin PBXVariantGroup section */
		CE4184C41A4922900011C0DA /* LaunchScreen.xib */ = {
			isa = PBXVariantGroup;
			children = (
				CE4184C51A4922900011C0DA /* Base */,
			);
			name = LaunchScreen.xib;
			sourceTree = "<group>";
		};
		CE4184C61A4922900011C0DA /* Main.storyboard */ = {
			isa = PBXVariantGroup;
			children = (
				CE4184C71A4922900011C0DA /* Base */,
			);
			name = Main.storyboard;
			sourceTree = "<group>";
		};
		CE444BB91A36A25500153F77 /* Main.storyboard */ = {
			isa = PBXVariantGroup;
			children = (
				CE444BBA1A36A25500153F77 /* Base */,
			);
			name = Main.storyboard;
			sourceTree = "<group>";
		};
		CE444BBE1A36A25500153F77 /* LaunchScreen.xib */ = {
			isa = PBXVariantGroup;
			children = (
				CE444BBF1A36A25500153F77 /* Base */,
			);
			name = LaunchScreen.xib;
			sourceTree = "<group>";
		};
/* End PBXVariantGroup section */

/* Begin XCBuildConfiguration section */
		CE444BCD1A36A25500153F77 /* Debug */ = {
			isa = XCBuildConfiguration;
			buildSettings = {
				ALWAYS_SEARCH_USER_PATHS = NO;
				CLANG_CXX_LANGUAGE_STANDARD = "gnu++0x";
				CLANG_CXX_LIBRARY = "libc++";
				CLANG_ENABLE_MODULES = YES;
				CLANG_ENABLE_OBJC_ARC = YES;
				CLANG_WARN_BOOL_CONVERSION = YES;
				CLANG_WARN_CONSTANT_CONVERSION = YES;
				CLANG_WARN_DIRECT_OBJC_ISA_USAGE = YES_ERROR;
				CLANG_WARN_EMPTY_BODY = YES;
				CLANG_WARN_ENUM_CONVERSION = YES;
				CLANG_WARN_INT_CONVERSION = YES;
				CLANG_WARN_OBJC_ROOT_CLASS = YES_ERROR;
				CLANG_WARN_UNREACHABLE_CODE = YES;
				CLANG_WARN__DUPLICATE_METHOD_MATCH = YES;
				"CODE_SIGN_IDENTITY[sdk=iphoneos*]" = "iPhone Developer";
				COPY_PHASE_STRIP = NO;
				ENABLE_STRICT_OBJC_MSGSEND = YES;
				GCC_C_LANGUAGE_STANDARD = gnu99;
				GCC_DYNAMIC_NO_PIC = NO;
				GCC_OPTIMIZATION_LEVEL = 0;
				GCC_PREPROCESSOR_DEFINITIONS = (
					"DEBUG=1",
					"$(inherited)",
				);
				GCC_SYMBOLS_PRIVATE_EXTERN = NO;
				GCC_WARN_64_TO_32_BIT_CONVERSION = YES;
				GCC_WARN_ABOUT_RETURN_TYPE = YES_ERROR;
				GCC_WARN_UNDECLARED_SELECTOR = YES;
				GCC_WARN_UNINITIALIZED_AUTOS = YES_AGGRESSIVE;
				GCC_WARN_UNUSED_FUNCTION = YES;
				GCC_WARN_UNUSED_VARIABLE = YES;
				IPHONEOS_DEPLOYMENT_TARGET = 8.1;
				MTL_ENABLE_DEBUG_INFO = YES;
				ONLY_ACTIVE_ARCH = YES;
				SDKROOT = iphoneos;
				SWIFT_OPTIMIZATION_LEVEL = "-Onone";
				TARGETED_DEVICE_FAMILY = "1,2";
			};
			name = Debug;
		};
		CE444BCE1A36A25500153F77 /* Release */ = {
			isa = XCBuildConfiguration;
			buildSettings = {
				ALWAYS_SEARCH_USER_PATHS = NO;
				CLANG_CXX_LANGUAGE_STANDARD = "gnu++0x";
				CLANG_CXX_LIBRARY = "libc++";
				CLANG_ENABLE_MODULES = YES;
				CLANG_ENABLE_OBJC_ARC = YES;
				CLANG_WARN_BOOL_CONVERSION = YES;
				CLANG_WARN_CONSTANT_CONVERSION = YES;
				CLANG_WARN_DIRECT_OBJC_ISA_USAGE = YES_ERROR;
				CLANG_WARN_EMPTY_BODY = YES;
				CLANG_WARN_ENUM_CONVERSION = YES;
				CLANG_WARN_INT_CONVERSION = YES;
				CLANG_WARN_OBJC_ROOT_CLASS = YES_ERROR;
				CLANG_WARN_UNREACHABLE_CODE = YES;
				CLANG_WARN__DUPLICATE_METHOD_MATCH = YES;
				"CODE_SIGN_IDENTITY[sdk=iphoneos*]" = "iPhone Developer";
				COPY_PHASE_STRIP = YES;
				ENABLE_NS_ASSERTIONS = NO;
				ENABLE_STRICT_OBJC_MSGSEND = YES;
				GCC_C_LANGUAGE_STANDARD = gnu99;
				GCC_WARN_64_TO_32_BIT_CONVERSION = YES;
				GCC_WARN_ABOUT_RETURN_TYPE = YES_ERROR;
				GCC_WARN_UNDECLARED_SELECTOR = YES;
				GCC_WARN_UNINITIALIZED_AUTOS = YES_AGGRESSIVE;
				GCC_WARN_UNUSED_FUNCTION = YES;
				GCC_WARN_UNUSED_VARIABLE = YES;
				IPHONEOS_DEPLOYMENT_TARGET = 8.1;
				MTL_ENABLE_DEBUG_INFO = NO;
				SDKROOT = iphoneos;
				TARGETED_DEVICE_FAMILY = "1,2";
				VALIDATE_PRODUCT = YES;
			};
			name = Release;
		};
		CE444BD01A36A25500153F77 /* Debug */ = {
			isa = XCBuildConfiguration;
			baseConfigurationReference = B5C84601BD2F3431F5F52BE9 /* Pods.debug.xcconfig */;
			buildSettings = {
				ASSETCATALOG_COMPILER_APPICON_NAME = AppIcon;
				ASSETCATALOG_COMPILER_LAUNCHIMAGE_NAME = LaunchImage;
				CLANG_ENABLE_MODULES = YES;
				CODE_SIGN_IDENTITY = "iPhone Developer";
				"CODE_SIGN_IDENTITY[sdk=iphoneos*]" = "iPhone Developer";
				FRAMEWORK_SEARCH_PATHS = (
					"$(inherited)",
					"$(PROJECT_DIR)/Muz/parse",
					/Users/nick/Documents/FacebookSDK,
					"$(PROJECT_DIR)",
				);
				HEADER_SEARCH_PATHS = (
					"$(inherited)",
					/Applications/Xcode.app/Contents/Developer/Toolchains/XcodeDefault.xctoolchain/usr/include,
					/usr/include/libxml2,
				);
				INFOPLIST_FILE = Muz/Info.plist;
				IPHONEOS_DEPLOYMENT_TARGET = 7.0;
				LD_RUNPATH_SEARCH_PATHS = "$(inherited) @executable_path/Frameworks";
				OTHER_LDFLAGS = (
					"-l\"LocalyticsAMP_x64\"",
					"-l\"Pods-Appirater\"",
					"-l\"Pods-KissXML\"",
					"-l\"Pods-LastFm\"",
					"-l\"Pods-Localytics-AMP\"",
					"-l\"Pods-MBProgressHUD\"",
					"-l\"Pods-NSString-HTML\"",
					"-l\"Pods-SDWebImage\"",
					"-l\"Pods-UIImage-Resize\"",
					"-l\"Pods-uservoice-iphone-sdk\"",
					"-l\"sqlite3\"",
					"-l\"xml2\"",
					"-l\"z\"",
					"-framework",
					"\"CFNetwork\"",
					"-framework",
					"\"CoreGraphics\"",
					"-framework",
					"\"ImageIO\"",
					"-framework",
					"\"QuartzCore\"",
					"-framework",
					"\"SystemConfiguration\"",
					"-weak_framework",
					"\"AdSupport\"",
					"-weak_framework",
					"\"StoreKit\"",
					"-ObjC",
				);
				PRODUCT_NAME = "$(TARGET_NAME)";
				PROVISIONING_PROFILE = "";
				SWIFT_OBJC_BRIDGING_HEADER = "Muz/Muz-Bridging-Header.h";
				SWIFT_OPTIMIZATION_LEVEL = "-Onone";
				TARGETED_DEVICE_FAMILY = "1,2";
			};
			name = Debug;
		};
		CE444BD11A36A25500153F77 /* Release */ = {
			isa = XCBuildConfiguration;
			baseConfigurationReference = DB8E352653F602E2D8336D2A /* Pods.release.xcconfig */;
			buildSettings = {
				ASSETCATALOG_COMPILER_APPICON_NAME = AppIcon;
				ASSETCATALOG_COMPILER_LAUNCHIMAGE_NAME = LaunchImage;
				CLANG_ENABLE_MODULES = YES;
				CODE_SIGN_IDENTITY = "iPhone Developer";
				"CODE_SIGN_IDENTITY[sdk=iphoneos*]" = "iPhone Developer";
				FRAMEWORK_SEARCH_PATHS = (
					"$(inherited)",
					"$(PROJECT_DIR)/Muz/parse",
					/Users/nick/Documents/FacebookSDK,
					"$(PROJECT_DIR)",
				);
				HEADER_SEARCH_PATHS = (
					"$(inherited)",
					/Applications/Xcode.app/Contents/Developer/Toolchains/XcodeDefault.xctoolchain/usr/include,
					/usr/include/libxml2,
				);
				INFOPLIST_FILE = Muz/Info.plist;
				IPHONEOS_DEPLOYMENT_TARGET = 7.0;
				LD_RUNPATH_SEARCH_PATHS = "$(inherited) @executable_path/Frameworks";
				OTHER_LDFLAGS = (
					"-l\"LocalyticsAMP_x64\"",
					"-l\"Pods-Appirater\"",
					"-l\"Pods-KissXML\"",
					"-l\"Pods-LastFm\"",
					"-l\"Pods-Localytics-AMP\"",
					"-l\"Pods-MBProgressHUD\"",
					"-l\"Pods-NSString-HTML\"",
					"-l\"Pods-SDWebImage\"",
					"-l\"Pods-UIImage-Resize\"",
					"-l\"Pods-uservoice-iphone-sdk\"",
					"-l\"sqlite3\"",
					"-l\"xml2\"",
					"-l\"z\"",
					"-framework",
					"\"CFNetwork\"",
					"-framework",
					"\"CoreGraphics\"",
					"-framework",
					"\"ImageIO\"",
					"-framework",
					"\"QuartzCore\"",
					"-framework",
					"\"SystemConfiguration\"",
					"-weak_framework",
					"\"AdSupport\"",
					"-weak_framework",
					"\"StoreKit\"",
					"-ObjC",
				);
				PRODUCT_NAME = "$(TARGET_NAME)";
				PROVISIONING_PROFILE = "";
				SWIFT_OBJC_BRIDGING_HEADER = "Muz/Muz-Bridging-Header.h";
				TARGETED_DEVICE_FAMILY = "1,2";
			};
			name = Release;
		};
		CE444BD31A36A25500153F77 /* Debug */ = {
			isa = XCBuildConfiguration;
			buildSettings = {
				BUNDLE_LOADER = "$(TEST_HOST)";
				FRAMEWORK_SEARCH_PATHS = (
					"$(SDKROOT)/Developer/Library/Frameworks",
					"$(inherited)",
				);
				GCC_PREPROCESSOR_DEFINITIONS = (
					"DEBUG=1",
					"$(inherited)",
				);
				INFOPLIST_FILE = MuzTests/Info.plist;
				LD_RUNPATH_SEARCH_PATHS = "$(inherited) @executable_path/Frameworks @loader_path/Frameworks";
				PRODUCT_NAME = "$(TARGET_NAME)";
				TEST_HOST = "$(BUILT_PRODUCTS_DIR)/Muz.app/Muz";
			};
			name = Debug;
		};
		CE444BD41A36A25500153F77 /* Release */ = {
			isa = XCBuildConfiguration;
			buildSettings = {
				BUNDLE_LOADER = "$(TEST_HOST)";
				FRAMEWORK_SEARCH_PATHS = (
					"$(SDKROOT)/Developer/Library/Frameworks",
					"$(inherited)",
				);
				INFOPLIST_FILE = MuzTests/Info.plist;
				LD_RUNPATH_SEARCH_PATHS = "$(inherited) @executable_path/Frameworks @loader_path/Frameworks";
				PRODUCT_NAME = "$(TARGET_NAME)";
				TEST_HOST = "$(BUILT_PRODUCTS_DIR)/Muz.app/Muz";
			};
			name = Release;
		};
/* End XCBuildConfiguration section */

/* Begin XCConfigurationList section */
		CE444BAB1A36A25500153F77 /* Build configuration list for PBXProject "Muz" */ = {
			isa = XCConfigurationList;
			buildConfigurations = (
				CE444BCD1A36A25500153F77 /* Debug */,
				CE444BCE1A36A25500153F77 /* Release */,
			);
			defaultConfigurationIsVisible = 0;
			defaultConfigurationName = Release;
		};
		CE444BCF1A36A25500153F77 /* Build configuration list for PBXNativeTarget "Muz" */ = {
			isa = XCConfigurationList;
			buildConfigurations = (
				CE444BD01A36A25500153F77 /* Debug */,
				CE444BD11A36A25500153F77 /* Release */,
			);
			defaultConfigurationIsVisible = 0;
			defaultConfigurationName = Release;
		};
		CE444BD21A36A25500153F77 /* Build configuration list for PBXNativeTarget "MuzTests" */ = {
			isa = XCConfigurationList;
			buildConfigurations = (
				CE444BD31A36A25500153F77 /* Debug */,
				CE444BD41A36A25500153F77 /* Release */,
			);
			defaultConfigurationIsVisible = 0;
			defaultConfigurationName = Release;
		};
/* End XCConfigurationList section */

/* Begin XCVersionGroup section */
		CE4184CC1A4922900011C0DA /* Muz.xcdatamodeld */ = {
			isa = XCVersionGroup;
			children = (
				CE4184CD1A4922900011C0DA /* Muz.xcdatamodel */,
			);
			currentVersion = CE4184CD1A4922900011C0DA /* Muz.xcdatamodel */;
			path = Muz.xcdatamodeld;
			sourceTree = "<group>";
			versionGroupType = wrapper.xcdatamodel;
		};
		CE9BBDB91A36A87B00878C09 /* Muz.xcdatamodeld */ = {
			isa = XCVersionGroup;
			children = (
				CE3F8AD41A801A370025A75E /* Muz 2.xcdatamodel */,
				CE9BBDBA1A36A87B00878C09 /* Muz.xcdatamodel */,
			);
			currentVersion = CE3F8AD41A801A370025A75E /* Muz 2.xcdatamodel */;
			path = Muz.xcdatamodeld;
			sourceTree = "<group>";
			versionGroupType = wrapper.xcdatamodel;
		};
/* End XCVersionGroup section */
	};
	rootObject = CE444BA81A36A25500153F77 /* Project object */;
}
